// !$*UTF8*$!
{
	archiveVersion = 1;
	classes = {
	};
	objectVersion = 55;
	objects = {

/* Begin PBXBuildFile section */
		DE943B1B2806F5F300E4BA3B /* Tests_iOS.swift in Sources */ = {isa = PBXBuildFile; fileRef = DE943B1A2806F5F300E4BA3B /* Tests_iOS.swift */; };
		DE943B1D2806F5F300E4BA3B /* Tests_iOSLaunchTests.swift in Sources */ = {isa = PBXBuildFile; fileRef = DE943B1C2806F5F300E4BA3B /* Tests_iOSLaunchTests.swift */; };
		DE943B272806F5F300E4BA3B /* Tests_macOS.swift in Sources */ = {isa = PBXBuildFile; fileRef = DE943B262806F5F300E4BA3B /* Tests_macOS.swift */; };
		DE943B292806F5F300E4BA3B /* Tests_macOSLaunchTests.swift in Sources */ = {isa = PBXBuildFile; fileRef = DE943B282806F5F300E4BA3B /* Tests_macOSLaunchTests.swift */; };
		DE943B2A2806F5F300E4BA3B /* first2App.swift in Sources */ = {isa = PBXBuildFile; fileRef = DE943B022806F5F100E4BA3B /* first2App.swift */; };
		DE943B2B2806F5F300E4BA3B /* first2App.swift in Sources */ = {isa = PBXBuildFile; fileRef = DE943B022806F5F100E4BA3B /* first2App.swift */; };
		DE943B2C2806F5F300E4BA3B /* ContentView.swift in Sources */ = {isa = PBXBuildFile; fileRef = DE943B032806F5F100E4BA3B /* ContentView.swift */; };
		DE943B2D2806F5F300E4BA3B /* ContentView.swift in Sources */ = {isa = PBXBuildFile; fileRef = DE943B032806F5F100E4BA3B /* ContentView.swift */; };
		DE943B2E2806F5F300E4BA3B /* Assets.xcassets in Resources */ = {isa = PBXBuildFile; fileRef = DE943B042806F5F300E4BA3B /* Assets.xcassets */; };
		DE943B2F2806F5F300E4BA3B /* Assets.xcassets in Resources */ = {isa = PBXBuildFile; fileRef = DE943B042806F5F300E4BA3B /* Assets.xcassets */; };
/* End PBXBuildFile section */

/* Begin PBXContainerItemProxy section */
		DE943B172806F5F300E4BA3B /* PBXContainerItemProxy */ = {
			isa = PBXContainerItemProxy;
			containerPortal = DE943AFD2806F5F100E4BA3B /* Project object */;
			proxyType = 1;
			remoteGlobalIDString = DE943B082806F5F300E4BA3B;
			remoteInfo = "first2 (iOS)";
		};
		DE943B232806F5F300E4BA3B /* PBXContainerItemProxy */ = {
			isa = PBXContainerItemProxy;
			containerPortal = DE943AFD2806F5F100E4BA3B /* Project object */;
			proxyType = 1;
			remoteGlobalIDString = DE943B0E2806F5F300E4BA3B;
			remoteInfo = "first2 (macOS)";
		};
/* End PBXContainerItemProxy section */

/* Begin PBXFileReference section */
		DE943B022806F5F100E4BA3B /* first2App.swift */ = {isa = PBXFileReference; lastKnownFileType = sourcecode.swift; path = first2App.swift; sourceTree = "<group>"; };
		DE943B032806F5F100E4BA3B /* ContentView.swift */ = {isa = PBXFileReference; lastKnownFileType = sourcecode.swift; path = ContentView.swift; sourceTree = "<group>"; };
		DE943B042806F5F300E4BA3B /* Assets.xcassets */ = {isa = PBXFileReference; lastKnownFileType = folder.assetcatalog; path = Assets.xcassets; sourceTree = "<group>"; };
		DE943B092806F5F300E4BA3B /* first2.app */ = {isa = PBXFileReference; explicitFileType = wrapper.application; includeInIndex = 0; path = first2.app; sourceTree = BUILT_PRODUCTS_DIR; };
		DE943B0F2806F5F300E4BA3B /* first2.app */ = {isa = PBXFileReference; explicitFileType = wrapper.application; includeInIndex = 0; path = first2.app; sourceTree = BUILT_PRODUCTS_DIR; };
		DE943B112806F5F300E4BA3B /* macOS.entitlements */ = {isa = PBXFileReference; lastKnownFileType = text.plist.entitlements; path = macOS.entitlements; sourceTree = "<group>"; };
		DE943B162806F5F300E4BA3B /* Tests iOS.xctest */ = {isa = PBXFileReference; explicitFileType = wrapper.cfbundle; includeInIndex = 0; path = "Tests iOS.xctest"; sourceTree = BUILT_PRODUCTS_DIR; };
		DE943B1A2806F5F300E4BA3B /* Tests_iOS.swift */ = {isa = PBXFileReference; lastKnownFileType = sourcecode.swift; path = Tests_iOS.swift; sourceTree = "<group>"; };
		DE943B1C2806F5F300E4BA3B /* Tests_iOSLaunchTests.swift */ = {isa = PBXFileReference; lastKnownFileType = sourcecode.swift; path = Tests_iOSLaunchTests.swift; sourceTree = "<group>"; };
		DE943B222806F5F300E4BA3B /* Tests macOS.xctest */ = {isa = PBXFileReference; explicitFileType = wrapper.cfbundle; includeInIndex = 0; path = "Tests macOS.xctest"; sourceTree = BUILT_PRODUCTS_DIR; };
		DE943B262806F5F300E4BA3B /* Tests_macOS.swift */ = {isa = PBXFileReference; lastKnownFileType = sourcecode.swift; path = Tests_macOS.swift; sourceTree = "<group>"; };
		DE943B282806F5F300E4BA3B /* Tests_macOSLaunchTests.swift */ = {isa = PBXFileReference; lastKnownFileType = sourcecode.swift; path = Tests_macOSLaunchTests.swift; sourceTree = "<group>"; };
/* End PBXFileReference section */

/* Begin PBXFrameworksBuildPhase section */
		DE943B062806F5F300E4BA3B /* Frameworks */ = {
			isa = PBXFrameworksBuildPhase;
			buildActionMask = 2147483647;
			files = (
			);
			runOnlyForDeploymentPostprocessing = 0;
		};
		DE943B0C2806F5F300E4BA3B /* Frameworks */ = {
			isa = PBXFrameworksBuildPhase;
			buildActionMask = 2147483647;
			files = (
			);
			runOnlyForDeploymentPostprocessing = 0;
		};
		DE943B132806F5F300E4BA3B /* Frameworks */ = {
			isa = PBXFrameworksBuildPhase;
			buildActionMask = 2147483647;
			files = (
			);
			runOnlyForDeploymentPostprocessing = 0;
		};
		DE943B1F2806F5F300E4BA3B /* Frameworks */ = {
			isa = PBXFrameworksBuildPhase;
			buildActionMask = 2147483647;
			files = (
			);
			runOnlyForDeploymentPostprocessing = 0;
		};
/* End PBXFrameworksBuildPhase section */

/* Begin PBXGroup section */
		DE943AFC2806F5F100E4BA3B = {
			isa = PBXGroup;
			children = (
				DE943B012806F5F100E4BA3B /* Shared */,
				DE943B102806F5F300E4BA3B /* macOS */,
				DE943B192806F5F300E4BA3B /* Tests iOS */,
				DE943B252806F5F300E4BA3B /* Tests macOS */,
				DE943B0A2806F5F300E4BA3B /* Products */,
			);
			sourceTree = "<group>";
		};
		DE943B012806F5F100E4BA3B /* Shared */ = {
			isa = PBXGroup;
			children = (
				DE943B022806F5F100E4BA3B /* first2App.swift */,
				DE943B032806F5F100E4BA3B /* ContentView.swift */,
				DE943B042806F5F300E4BA3B /* Assets.xcassets */,
			);
			path = Shared;
			sourceTree = "<group>";
		};
		DE943B0A2806F5F300E4BA3B /* Products */ = {
			isa = PBXGroup;
			children = (
				DE943B092806F5F300E4BA3B /* first2.app */,
				DE943B0F2806F5F300E4BA3B /* first2.app */,
				DE943B162806F5F300E4BA3B /* Tests iOS.xctest */,
				DE943B222806F5F300E4BA3B /* Tests macOS.xctest */,
			);
			name = Products;
			sourceTree = "<group>";
		};
		DE943B102806F5F300E4BA3B /* macOS */ = {
			isa = PBXGroup;
			children = (
				DE943B112806F5F300E4BA3B /* macOS.entitlements */,
			);
			path = macOS;
			sourceTree = "<group>";
		};
		DE943B192806F5F300E4BA3B /* Tests iOS */ = {
			isa = PBXGroup;
			children = (
				DE943B1A2806F5F300E4BA3B /* Tests_iOS.swift */,
				DE943B1C2806F5F300E4BA3B /* Tests_iOSLaunchTests.swift */,
			);
			path = "Tests iOS";
			sourceTree = "<group>";
		};
		DE943B252806F5F300E4BA3B /* Tests macOS */ = {
			isa = PBXGroup;
			children = (
				DE943B262806F5F300E4BA3B /* Tests_macOS.swift */,
				DE943B282806F5F300E4BA3B /* Tests_macOSLaunchTests.swift */,
			);
			path = "Tests macOS";
			sourceTree = "<group>";
		};
/* End PBXGroup section */

/* Begin PBXNativeTarget section */
		DE943B082806F5F300E4BA3B /* first2 (iOS) */ = {
			isa = PBXNativeTarget;
			buildConfigurationList = DE943B322806F5F300E4BA3B /* Build configuration list for PBXNativeTarget "first2 (iOS)" */;
			buildPhases = (
				DE943B052806F5F300E4BA3B /* Sources */,
				DE943B062806F5F300E4BA3B /* Frameworks */,
				DE943B072806F5F300E4BA3B /* Resources */,
			);
			buildRules = (
			);
			dependencies = (
			);
			name = "first2 (iOS)";
			productName = "first2 (iOS)";
			productReference = DE943B092806F5F300E4BA3B /* first2.app */;
			productType = "com.apple.product-type.application";
		};
		DE943B0E2806F5F300E4BA3B /* first2 (macOS) */ = {
			isa = PBXNativeTarget;
			buildConfigurationList = DE943B352806F5F300E4BA3B /* Build configuration list for PBXNativeTarget "first2 (macOS)" */;
			buildPhases = (
				DE943B0B2806F5F300E4BA3B /* Sources */,
				DE943B0C2806F5F300E4BA3B /* Frameworks */,
				DE943B0D2806F5F300E4BA3B /* Resources */,
			);
			buildRules = (
			);
			dependencies = (
			);
			name = "first2 (macOS)";
			productName = "first2 (macOS)";
			productReference = DE943B0F2806F5F300E4BA3B /* first2.app */;
			productType = "com.apple.product-type.application";
		};
		DE943B152806F5F300E4BA3B /* Tests iOS */ = {
			isa = PBXNativeTarget;
			buildConfigurationList = DE943B382806F5F300E4BA3B /* Build configuration list for PBXNativeTarget "Tests iOS" */;
			buildPhases = (
				DE943B122806F5F300E4BA3B /* Sources */,
				DE943B132806F5F300E4BA3B /* Frameworks */,
				DE943B142806F5F300E4BA3B /* Resources */,
			);
			buildRules = (
			);
			dependencies = (
				DE943B182806F5F300E4BA3B /* PBXTargetDependency */,
			);
			name = "Tests iOS";
			productName = "Tests iOS";
			productReference = DE943B162806F5F300E4BA3B /* Tests iOS.xctest */;
			productType = "com.apple.product-type.bundle.ui-testing";
		};
		DE943B212806F5F300E4BA3B /* Tests macOS */ = {
			isa = PBXNativeTarget;
			buildConfigurationList = DE943B3B2806F5F300E4BA3B /* Build configuration list for PBXNativeTarget "Tests macOS" */;
			buildPhases = (
				DE943B1E2806F5F300E4BA3B /* Sources */,
				DE943B1F2806F5F300E4BA3B /* Frameworks */,
				DE943B202806F5F300E4BA3B /* Resources */,
			);
			buildRules = (
			);
			dependencies = (
				DE943B242806F5F300E4BA3B /* PBXTargetDependency */,
			);
			name = "Tests macOS";
			productName = "Tests macOS";
			productReference = DE943B222806F5F300E4BA3B /* Tests macOS.xctest */;
			productType = "com.apple.product-type.bundle.ui-testing";
		};
/* End PBXNativeTarget section */

/* Begin PBXProject section */
		DE943AFD2806F5F100E4BA3B /* Project object */ = {
			isa = PBXProject;
			attributes = {
				BuildIndependentTargetsInParallel = 1;
				LastSwiftUpdateCheck = 1320;
				LastUpgradeCheck = 1320;
				TargetAttributes = {
					DE943B082806F5F300E4BA3B = {
						CreatedOnToolsVersion = 13.2.1;
					};
					DE943B0E2806F5F300E4BA3B = {
						CreatedOnToolsVersion = 13.2.1;
					};
					DE943B152806F5F300E4BA3B = {
						CreatedOnToolsVersion = 13.2.1;
						TestTargetID = DE943B082806F5F300E4BA3B;
					};
					DE943B212806F5F300E4BA3B = {
						CreatedOnToolsVersion = 13.2.1;
						TestTargetID = DE943B0E2806F5F300E4BA3B;
					};
				};
			};
			buildConfigurationList = DE943B002806F5F100E4BA3B /* Build configuration list for PBXProject "first2" */;
			compatibilityVersion = "Xcode 13.0";
			developmentRegion = en;
			hasScannedForEncodings = 0;
			knownRegions = (
				en,
				Base,
			);
			mainGroup = DE943AFC2806F5F100E4BA3B;
			productRefGroup = DE943B0A2806F5F300E4BA3B /* Products */;
			projectDirPath = "";
			projectRoot = "";
			targets = (
				DE943B082806F5F300E4BA3B /* first2 (iOS) */,
				DE943B0E2806F5F300E4BA3B /* first2 (macOS) */,
				DE943B152806F5F300E4BA3B /* Tests iOS */,
				DE943B212806F5F300E4BA3B /* Tests macOS */,
			);
		};
/* End PBXProject section */

/* Begin PBXResourcesBuildPhase section */
		DE943B072806F5F300E4BA3B /* Resources */ = {
			isa = PBXResourcesBuildPhase;
			buildActionMask = 2147483647;
			files = (
				DE943B2E2806F5F300E4BA3B /* Assets.xcassets in Resources */,
			);
			runOnlyForDeploymentPostprocessing = 0;
		};
		DE943B0D2806F5F300E4BA3B /* Resources */ = {
			isa = PBXResourcesBuildPhase;
			buildActionMask = 2147483647;
			files = (
				DE943B2F2806F5F300E4BA3B /* Assets.xcassets in Resources */,
			);
			runOnlyForDeploymentPostprocessing = 0;
		};
		DE943B142806F5F300E4BA3B /* Resources */ = {
			isa = PBXResourcesBuildPhase;
			buildActionMask = 2147483647;
			files = (
			);
			runOnlyForDeploymentPostprocessing = 0;
		};
		DE943B202806F5F300E4BA3B /* Resources */ = {
			isa = PBXResourcesBuildPhase;
			buildActionMask = 2147483647;
			files = (
			);
			runOnlyForDeploymentPostprocessing = 0;
		};
/* End PBXResourcesBuildPhase section */

/* Begin PBXSourcesBuildPhase section */
		DE943B052806F5F300E4BA3B /* Sources */ = {
			isa = PBXSourcesBuildPhase;
			buildActionMask = 2147483647;
			files = (
				DE943B2C2806F5F300E4BA3B /* ContentView.swift in Sources */,
				DE943B2A2806F5F300E4BA3B /* first2App.swift in Sources */,
			);
			runOnlyForDeploymentPostprocessing = 0;
		};
		DE943B0B2806F5F300E4BA3B /* Sources */ = {
			isa = PBXSourcesBuildPhase;
			buildActionMask = 2147483647;
			files = (
				DE943B2D2806F5F300E4BA3B /* ContentView.swift in Sources */,
				DE943B2B2806F5F300E4BA3B /* first2App.swift in Sources */,
			);
			runOnlyForDeploymentPostprocessing = 0;
		};
		DE943B122806F5F300E4BA3B /* Sources */ = {
			isa = PBXSourcesBuildPhase;
			buildActionMask = 2147483647;
			files = (
				DE943B1D2806F5F300E4BA3B /* Tests_iOSLaunchTests.swift in Sources */,
				DE943B1B2806F5F300E4BA3B /* Tests_iOS.swift in Sources */,
			);
			runOnlyForDeploymentPostprocessing = 0;
		};
		DE943B1E2806F5F300E4BA3B /* Sources */ = {
			isa = PBXSourcesBuildPhase;
			buildActionMask = 2147483647;
			files = (
				DE943B292806F5F300E4BA3B /* Tests_macOSLaunchTests.swift in Sources */,
				DE943B272806F5F300E4BA3B /* Tests_macOS.swift in Sources */,
			);
			runOnlyForDeploymentPostprocessing = 0;
		};
/* End PBXSourcesBuildPhase section */

/* Begin PBXTargetDependency section */
		DE943B182806F5F300E4BA3B /* PBXTargetDependency */ = {
			isa = PBXTargetDependency;
			target = DE943B082806F5F300E4BA3B /* first2 (iOS) */;
			targetProxy = DE943B172806F5F300E4BA3B /* PBXContainerItemProxy */;
		};
		DE943B242806F5F300E4BA3B /* PBXTargetDependency */ = {
			isa = PBXTargetDependency;
			target = DE943B0E2806F5F300E4BA3B /* first2 (macOS) */;
			targetProxy = DE943B232806F5F300E4BA3B /* PBXContainerItemProxy */;
		};
/* End PBXTargetDependency section */

/* Begin XCBuildConfiguration section */
		DE943B302806F5F300E4BA3B /* Debug */ = {
			isa = XCBuildConfiguration;
			buildSettings = {
				ALWAYS_SEARCH_USER_PATHS = NO;
				CLANG_ANALYZER_NONNULL = YES;
				CLANG_ANALYZER_NUMBER_OBJECT_CONVERSION = YES_AGGRESSIVE;
				CLANG_CXX_LANGUAGE_STANDARD = "gnu++17";
				CLANG_CXX_LIBRARY = "libc++";
				CLANG_ENABLE_MODULES = YES;
				CLANG_ENABLE_OBJC_ARC = YES;
				CLANG_ENABLE_OBJC_WEAK = YES;
				CLANG_WARN_BLOCK_CAPTURE_AUTORELEASING = YES;
				CLANG_WARN_BOOL_CONVERSION = YES;
				CLANG_WARN_COMMA = YES;
				CLANG_WARN_CONSTANT_CONVERSION = YES;
				CLANG_WARN_DEPRECATED_OBJC_IMPLEMENTATIONS = YES;
				CLANG_WARN_DIRECT_OBJC_ISA_USAGE = YES_ERROR;
				CLANG_WARN_DOCUMENTATION_COMMENTS = YES;
				CLANG_WARN_EMPTY_BODY = YES;
				CLANG_WARN_ENUM_CONVERSION = YES;
				CLANG_WARN_INFINITE_RECURSION = YES;
				CLANG_WARN_INT_CONVERSION = YES;
				CLANG_WARN_NON_LITERAL_NULL_CONVERSION = YES;
				CLANG_WARN_OBJC_IMPLICIT_RETAIN_SELF = YES;
				CLANG_WARN_OBJC_LITERAL_CONVERSION = YES;
				CLANG_WARN_OBJC_ROOT_CLASS = YES_ERROR;
				CLANG_WARN_QUOTED_INCLUDE_IN_FRAMEWORK_HEADER = YES;
				CLANG_WARN_RANGE_LOOP_ANALYSIS = YES;
				CLANG_WARN_STRICT_PROTOTYPES = YES;
				CLANG_WARN_SUSPICIOUS_MOVE = YES;
				CLANG_WARN_UNGUARDED_AVAILABILITY = YES_AGGRESSIVE;
				CLANG_WARN_UNREACHABLE_CODE = YES;
				CLANG_WARN__DUPLICATE_METHOD_MATCH = YES;
				COPY_PHASE_STRIP = NO;
				DEBUG_INFORMATION_FORMAT = dwarf;
				ENABLE_STRICT_OBJC_MSGSEND = YES;
				ENABLE_TESTABILITY = YES;
				GCC_C_LANGUAGE_STANDARD = gnu11;
				GCC_DYNAMIC_NO_PIC = NO;
				GCC_NO_COMMON_BLOCKS = YES;
				GCC_OPTIMIZATION_LEVEL = 0;
				GCC_PREPROCESSOR_DEFINITIONS = (
					"DEBUG=1",
					"$(inherited)",
				);
				GCC_WARN_64_TO_32_BIT_CONVERSION = YES;
				GCC_WARN_ABOUT_RETURN_TYPE = YES_ERROR;
				GCC_WARN_UNDECLARED_SELECTOR = YES;
				GCC_WARN_UNINITIALIZED_AUTOS = YES_AGGRESSIVE;
				GCC_WARN_UNUSED_FUNCTION = YES;
				GCC_WARN_UNUSED_VARIABLE = YES;
				MTL_ENABLE_DEBUG_INFO = INCLUDE_SOURCE;
				MTL_FAST_MATH = YES;
				ONLY_ACTIVE_ARCH = YES;
				SWIFT_ACTIVE_COMPILATION_CONDITIONS = DEBUG;
				SWIFT_OPTIMIZATION_LEVEL = "-Onone";
			};
			name = Debug;
		};
		DE943B312806F5F300E4BA3B /* Release */ = {
			isa = XCBuildConfiguration;
			buildSettings = {
				ALWAYS_SEARCH_USER_PATHS = NO;
				CLANG_ANALYZER_NONNULL = YES;
				CLANG_ANALYZER_NUMBER_OBJECT_CONVERSION = YES_AGGRESSIVE;
				CLANG_CXX_LANGUAGE_STANDARD = "gnu++17";
				CLANG_CXX_LIBRARY = "libc++";
				CLANG_ENABLE_MODULES = YES;
				CLANG_ENABLE_OBJC_ARC = YES;
				CLANG_ENABLE_OBJC_WEAK = YES;
				CLANG_WARN_BLOCK_CAPTURE_AUTORELEASING = YES;
				CLANG_WARN_BOOL_CONVERSION = YES;
				CLANG_WARN_COMMA = YES;
				CLANG_WARN_CONSTANT_CONVERSION = YES;
				CLANG_WARN_DEPRECATED_OBJC_IMPLEMENTATIONS = YES;
				CLANG_WARN_DIRECT_OBJC_ISA_USAGE = YES_ERROR;
				CLANG_WARN_DOCUMENTATION_COMMENTS = YES;
				CLANG_WARN_EMPTY_BODY = YES;
				CLANG_WARN_ENUM_CONVERSION = YES;
				CLANG_WARN_INFINITE_RECURSION = YES;
				CLANG_WARN_INT_CONVERSION = YES;
				CLANG_WARN_NON_LITERAL_NULL_CONVERSION = YES;
				CLANG_WARN_OBJC_IMPLICIT_RETAIN_SELF = YES;
				CLANG_WARN_OBJC_LITERAL_CONVERSION = YES;
				CLANG_WARN_OBJC_ROOT_CLASS = YES_ERROR;
				CLANG_WARN_QUOTED_INCLUDE_IN_FRAMEWORK_HEADER = YES;
				CLANG_WARN_RANGE_LOOP_ANALYSIS = YES;
				CLANG_WARN_STRICT_PROTOTYPES = YES;
				CLANG_WARN_SUSPICIOUS_MOVE = YES;
				CLANG_WARN_UNGUARDED_AVAILABILITY = YES_AGGRESSIVE;
				CLANG_WARN_UNREACHABLE_CODE = YES;
				CLANG_WARN__DUPLICATE_METHOD_MATCH = YES;
				COPY_PHASE_STRIP = NO;
				DEBUG_INFORMATION_FORMAT = "dwarf-with-dsym";
				ENABLE_NS_ASSERTIONS = NO;
				ENABLE_STRICT_OBJC_MSGSEND = YES;
				GCC_C_LANGUAGE_STANDARD = gnu11;
				GCC_NO_COMMON_BLOCKS = YES;
				GCC_WARN_64_TO_32_BIT_CONVERSION = YES;
				GCC_WARN_ABOUT_RETURN_TYPE = YES_ERROR;
				GCC_WARN_UNDECLARED_SELECTOR = YES;
				GCC_WARN_UNINITIALIZED_AUTOS = YES_AGGRESSIVE;
				GCC_WARN_UNUSED_FUNCTION = YES;
				GCC_WARN_UNUSED_VARIABLE = YES;
				MTL_ENABLE_DEBUG_INFO = NO;
				MTL_FAST_MATH = YES;
				SWIFT_COMPILATION_MODE = wholemodule;
				SWIFT_OPTIMIZATION_LEVEL = "-O";
			};
			name = Release;
		};
		DE943B332806F5F300E4BA3B /* Debug */ = {
			isa = XCBuildConfiguration;
			buildSettings = {
				ASSETCATALOG_COMPILER_APPICON_NAME = AppIcon;
				ASSETCATALOG_COMPILER_GLOBAL_ACCENT_COLOR_NAME = AccentColor;
				CODE_SIGN_STYLE = Automatic;
				CURRENT_PROJECT_VERSION = 1;
				DEVELOPMENT_TEAM = GJ78ZA6524;
				ENABLE_PREVIEWS = YES;
				GENERATE_INFOPLIST_FILE = YES;
				INFOPLIST_KEY_UIApplicationSceneManifest_Generation = YES;
				INFOPLIST_KEY_UIApplicationSupportsIndirectInputEvents = YES;
				INFOPLIST_KEY_UILaunchScreen_Generation = YES;
				INFOPLIST_KEY_UISupportedInterfaceOrientations_iPad = "UIInterfaceOrientationPortrait UIInterfaceOrientationPortraitUpsideDown UIInterfaceOrientationLandscapeLeft UIInterfaceOrientationLandscapeRight";
				INFOPLIST_KEY_UISupportedInterfaceOrientations_iPhone = "UIInterfaceOrientationPortrait UIInterfaceOrientationLandscapeLeft UIInterfaceOrientationLandscapeRight";
				IPHONEOS_DEPLOYMENT_TARGET = 15.2;
				LD_RUNPATH_SEARCH_PATHS = (
					"$(inherited)",
					"@executable_path/Frameworks",
				);
				MARKETING_VERSION = 1.0;
				PRODUCT_BUNDLE_IDENTIFIER = kabosuym3a.first2;
				PRODUCT_NAME = first2;
				SDKROOT = iphoneos;
				SWIFT_EMIT_LOC_STRINGS = YES;
				SWIFT_VERSION = 5.0;
				TARGETED_DEVICE_FAMILY = "1,2";
			};
			name = Debug;
		};
		DE943B342806F5F300E4BA3B /* Release */ = {
			isa = XCBuildConfiguration;
			buildSettings = {
				ASSETCATALOG_COMPILER_APPICON_NAME = AppIcon;
				ASSETCATALOG_COMPILER_GLOBAL_ACCENT_COLOR_NAME = AccentColor;
				CODE_SIGN_STYLE = Automatic;
				CURRENT_PROJECT_VERSION = 1;
				DEVELOPMENT_TEAM = GJ78ZA6524;
				ENABLE_PREVIEWS = YES;
				GENERATE_INFOPLIST_FILE = YES;
				INFOPLIST_KEY_UIApplicationSceneManifest_Generation = YES;
				INFOPLIST_KEY_UIApplicationSupportsIndirectInputEvents = YES;
				INFOPLIST_KEY_UILaunchScreen_Generation = YES;
				INFOPLIST_KEY_UISupportedInterfaceOrientations_iPad = "UIInterfaceOrientationPortrait UIInterfaceOrientationPortraitUpsideDown UIInterfaceOrientationLandscapeLeft UIInterfaceOrientationLandscapeRight";
				INFOPLIST_KEY_UISupportedInterfaceOrientations_iPhone = "UIInterfaceOrientationPortrait UIInterfaceOrientationLandscapeLeft UIInterfaceOrientationLandscapeRight";
				IPHONEOS_DEPLOYMENT_TARGET = 15.2;
				LD_RUNPATH_SEARCH_PATHS = (
					"$(inherited)",
					"@executable_path/Frameworks",
				);
				MARKETING_VERSION = 1.0;
				PRODUCT_BUNDLE_IDENTIFIER = kabosuym3a.first2;
				PRODUCT_NAME = first2;
				SDKROOT = iphoneos;
				SWIFT_EMIT_LOC_STRINGS = YES;
				SWIFT_VERSION = 5.0;
				TARGETED_DEVICE_FAMILY = "1,2";
				VALIDATE_PRODUCT = YES;
			};
			name = Release;
		};
		DE943B362806F5F300E4BA3B /* Debug */ = {
			isa = XCBuildConfiguration;
			buildSettings = {
				ASSETCATALOG_COMPILER_APPICON_NAME = AppIcon;
				ASSETCATALOG_COMPILER_GLOBAL_ACCENT_COLOR_NAME = AccentColor;
				CODE_SIGN_ENTITLEMENTS = macOS/macOS.entitlements;
				CODE_SIGN_STYLE = Automatic;
				COMBINE_HIDPI_IMAGES = YES;
				CURRENT_PROJECT_VERSION = 1;
				DEVELOPMENT_TEAM = GJ78ZA6524;
				ENABLE_HARDENED_RUNTIME = YES;
				ENABLE_PREVIEWS = YES;
				GENERATE_INFOPLIST_FILE = YES;
				INFOPLIST_KEY_NSHumanReadableCopyright = "";
				LD_RUNPATH_SEARCH_PATHS = (
					"$(inherited)",
					"@executable_path/../Frameworks",
				);
				MACOSX_DEPLOYMENT_TARGET = 11.5;
				MARKETING_VERSION = 1.0;
				PRODUCT_BUNDLE_IDENTIFIER = kabosuym3a.first2;
				PRODUCT_NAME = first2;
				SDKROOT = macosx;
				SWIFT_EMIT_LOC_STRINGS = YES;
				SWIFT_VERSION = 5.0;
			};
			name = Debug;
		};
		DE943B372806F5F300E4BA3B /* Release */ = {
			isa = XCBuildConfiguration;
			buildSettings = {
				ASSETCATALOG_COMPILER_APPICON_NAME = AppIcon;
				ASSETCATALOG_COMPILER_GLOBAL_ACCENT_COLOR_NAME = AccentColor;
				CODE_SIGN_ENTITLEMENTS = macOS/macOS.entitlements;
				CODE_SIGN_STYLE = Automatic;
				COMBINE_HIDPI_IMAGES = YES;
				CURRENT_PROJECT_VERSION = 1;
				DEVELOPMENT_TEAM = GJ78ZA6524;
				ENABLE_HARDENED_RUNTIME = YES;
				ENABLE_PREVIEWS = YES;
				GENERATE_INFOPLIST_FILE = YES;
				INFOPLIST_KEY_NSHumanReadableCopyright = "";
				LD_RUNPATH_SEARCH_PATHS = (
					"$(inherited)",
					"@executable_path/../Frameworks",
				);
				MACOSX_DEPLOYMENT_TARGET = 11.5;
				MARKETING_VERSION = 1.0;
				PRODUCT_BUNDLE_IDENTIFIER = kabosuym3a.first2;
				PRODUCT_NAME = first2;
				SDKROOT = macosx;
				SWIFT_EMIT_LOC_STRINGS = YES;
				SWIFT_VERSION = 5.0;
			};
			name = Release;
		};
		DE943B392806F5F300E4BA3B /* Debug */ = {
			isa = XCBuildConfiguration;
			buildSettings = {
				ALWAYS_EMBED_SWIFT_STANDARD_LIBRARIES = YES;
				CODE_SIGN_STYLE = Automatic;
				CURRENT_PROJECT_VERSION = 1;
				DEVELOPMENT_TEAM = GJ78ZA6524;
				GENERATE_INFOPLIST_FILE = YES;
				IPHONEOS_DEPLOYMENT_TARGET = 15.2;
				MARKETING_VERSION = 1.0;
				PRODUCT_BUNDLE_IDENTIFIER = "kabosuym3a.Tests-iOS";
				PRODUCT_NAME = "$(TARGET_NAME)";
				SDKROOT = iphoneos;
				SWIFT_EMIT_LOC_STRINGS = NO;
				SWIFT_VERSION = 5.0;
				TARGETED_DEVICE_FAMILY = "1,2";
				TEST_TARGET_NAME = "first2 (iOS)";
			};
			name = Debug;
		};
		DE943B3A2806F5F300E4BA3B /* Release */ = {
			isa = XCBuildConfiguration;
			buildSettings = {
				ALWAYS_EMBED_SWIFT_STANDARD_LIBRARIES = YES;
				CODE_SIGN_STYLE = Automatic;
				CURRENT_PROJECT_VERSION = 1;
				DEVELOPMENT_TEAM = GJ78ZA6524;
				GENERATE_INFOPLIST_FILE = YES;
				IPHONEOS_DEPLOYMENT_TARGET = 15.2;
				MARKETING_VERSION = 1.0;
				PRODUCT_BUNDLE_IDENTIFIER = "kabosuym3a.Tests-iOS";
				PRODUCT_NAME = "$(TARGET_NAME)";
				SDKROOT = iphoneos;
				SWIFT_EMIT_LOC_STRINGS = NO;
				SWIFT_VERSION = 5.0;
				TARGETED_DEVICE_FAMILY = "1,2";
				TEST_TARGET_NAME = "first2 (iOS)";
				VALIDATE_PRODUCT = YES;
			};
			name = Release;
		};
		DE943B3C2806F5F300E4BA3B /* Debug */ = {
			isa = XCBuildConfiguration;
			buildSettings = {
				ALWAYS_EMBED_SWIFT_STANDARD_LIBRARIES = YES;
				CODE_SIGN_STYLE = Automatic;
				CURRENT_PROJECT_VERSION = 1;
				DEVELOPMENT_TEAM = GJ78ZA6524;
				GENERATE_INFOPLIST_FILE = YES;
				MACOSX_DEPLOYMENT_TARGET = 11.5;
				MARKETING_VERSION = 1.0;
				PRODUCT_BUNDLE_IDENTIFIER = "kabosuym3a.Tests-macOS";
				PRODUCT_NAME = "$(TARGET_NAME)";
				SDKROOT = macosx;
				SWIFT_EMIT_LOC_STRINGS = NO;
				SWIFT_VERSION = 5.0;
				TEST_TARGET_NAME = "first2 (macOS)";
			};
			name = Debug;
		};
		DE943B3D2806F5F300E4BA3B /* Release */ = {
			isa = XCBuildConfiguration;
			buildSettings = {
				ALWAYS_EMBED_SWIFT_STANDARD_LIBRARIES = YES;
				CODE_SIGN_STYLE = Automatic;
				CURRENT_PROJECT_VERSION = 1;
				DEVELOPMENT_TEAM = GJ78ZA6524;
				GENERATE_INFOPLIST_FILE = YES;
				MACOSX_DEPLOYMENT_TARGET = 11.5;
				MARKETING_VERSION = 1.0;
				PRODUCT_BUNDLE_IDENTIFIER = "kabosuym3a.Tests-macOS";
				PRODUCT_NAME = "$(TARGET_NAME)";
				SDKROOT = macosx;
				SWIFT_EMIT_LOC_STRINGS = NO;
				SWIFT_VERSION = 5.0;
				TEST_TARGET_NAME = "first2 (macOS)";
			};
			name = Release;
		};
/* End XCBuildConfiguration section */

/* Begin XCConfigurationList section */
		DE943B002806F5F100E4BA3B /* Build configuration list for PBXProject "first2" */ = {
			isa = XCConfigurationList;
			buildConfigurations = (
				DE943B302806F5F300E4BA3B /* Debug */,
				DE943B312806F5F300E4BA3B /* Release */,
			);
			defaultConfigurationIsVisible = 0;
			defaultConfigurationName = Release;
		};
		DE943B322806F5F300E4BA3B /* Build configuration list for PBXNativeTarget "first2 (iOS)" */ = {
			isa = XCConfigurationList;
			buildConfigurations = (
				DE943B332806F5F300E4BA3B /* Debug */,
				DE943B342806F5F300E4BA3B /* Release */,
			);
			defaultConfigurationIsVisible = 0;
			defaultConfigurationName = Release;
		};
		DE943B352806F5F300E4BA3B /* Build configuration list for PBXNativeTarget "first2 (macOS)" */ = {
			isa = XCConfigurationList;
			buildConfigurations = (
				DE943B362806F5F300E4BA3B /* Debug */,
				DE943B372806F5F300E4BA3B /* Release */,
			);
			defaultConfigurationIsVisible = 0;
			defaultConfigurationName = Release;
		};
		DE943B382806F5F300E4BA3B /* Build configuration list for PBXNativeTarget "Tests iOS" */ = {
			isa = XCConfigurationList;
			buildConfigurations = (
				DE943B392806F5F300E4BA3B /* Debug */,
				DE943B3A2806F5F300E4BA3B /* Release */,
			);
			defaultConfigurationIsVisible = 0;
			defaultConfigurationName = Release;
		};
		DE943B3B2806F5F300E4BA3B /* Build configuration list for PBXNativeTarget "Tests macOS" */ = {
			isa = XCConfigurationList;
			buildConfigurations = (
				DE943B3C2806F5F300E4BA3B /* Debug */,
				DE943B3D2806F5F300E4BA3B /* Release */,
			);
			defaultConfigurationIsVisible = 0;
			defaultConfigurationName = Release;
		};
/* End XCConfigurationList section */
	};
	rootObject = DE943AFD2806F5F100E4BA3B /* Project object */;
}
