// !$*UTF8*$!
{
	archiveVersion = 1;
	classes = {
	};
	objectVersion = 55;
	objects = {

/* Begin PBXBuildFile section */
		DE943B8A28085B8200E4BA3B /* AppDelegate.swift in Sources */ = {isa = PBXBuildFile; fileRef = DE943B8928085B8200E4BA3B /* AppDelegate.swift */; };
		DE943B8C28085B8200E4BA3B /* SceneDelegate.swift in Sources */ = {isa = PBXBuildFile; fileRef = DE943B8B28085B8200E4BA3B /* SceneDelegate.swift */; };
		DE943B8E28085B8200E4BA3B /* ViewController.swift in Sources */ = {isa = PBXBuildFile; fileRef = DE943B8D28085B8200E4BA3B /* ViewController.swift */; };
		DE943B9128085B8200E4BA3B /* Main.storyboard in Resources */ = {isa = PBXBuildFile; fileRef = DE943B8F28085B8200E4BA3B /* Main.storyboard */; };
		DE943B9328085B8400E4BA3B /* Assets.xcassets in Resources */ = {isa = PBXBuildFile; fileRef = DE943B9228085B8400E4BA3B /* Assets.xcassets */; };
		DE943B9628085B8400E4BA3B /* LaunchScreen.storyboard in Resources */ = {isa = PBXBuildFile; fileRef = DE943B9428085B8400E4BA3B /* LaunchScreen.storyboard */; };
		DE943BA128085B8400E4BA3B /* secondTests.swift in Sources */ = {isa = PBXBuildFile; fileRef = DE943BA028085B8400E4BA3B /* secondTests.swift */; };
		DE943BAB28085B8400E4BA3B /* secondUITests.swift in Sources */ = {isa = PBXBuildFile; fileRef = DE943BAA28085B8400E4BA3B /* secondUITests.swift */; };
		DE943BAD28085B8400E4BA3B /* secondUITestsLaunchTests.swift in Sources */ = {isa = PBXBuildFile; fileRef = DE943BAC28085B8400E4BA3B /* secondUITestsLaunchTests.swift */; };
		DE943BBD28085CF600E4BA3B /* 스크린샷 2021-11-24 오전 12.07.33.png in Resources */ = {isa = PBXBuildFile; fileRef = DE943BBC28085CF600E4BA3B /* 스크린샷 2021-11-24 오전 12.07.33.png */; };
/* End PBXBuildFile section */

/* Begin PBXContainerItemProxy section */
		DE943B9D28085B8400E4BA3B /* PBXContainerItemProxy */ = {
			isa = PBXContainerItemProxy;
			containerPortal = DE943B7E28085B8200E4BA3B /* Project object */;
			proxyType = 1;
			remoteGlobalIDString = DE943B8528085B8200E4BA3B;
			remoteInfo = second;
		};
		DE943BA728085B8400E4BA3B /* PBXContainerItemProxy */ = {
			isa = PBXContainerItemProxy;
			containerPortal = DE943B7E28085B8200E4BA3B /* Project object */;
			proxyType = 1;
			remoteGlobalIDString = DE943B8528085B8200E4BA3B;
			remoteInfo = second;
		};
/* End PBXContainerItemProxy section */

/* Begin PBXFileReference section */
		DE943B8628085B8200E4BA3B /* second.app */ = {isa = PBXFileReference; explicitFileType = wrapper.application; includeInIndex = 0; path = second.app; sourceTree = BUILT_PRODUCTS_DIR; };
		DE943B8928085B8200E4BA3B /* AppDelegate.swift */ = {isa = PBXFileReference; lastKnownFileType = sourcecode.swift; path = AppDelegate.swift; sourceTree = "<group>"; };
		DE943B8B28085B8200E4BA3B /* SceneDelegate.swift */ = {isa = PBXFileReference; lastKnownFileType = sourcecode.swift; path = SceneDelegate.swift; sourceTree = "<group>"; };
		DE943B8D28085B8200E4BA3B /* ViewController.swift */ = {isa = PBXFileReference; lastKnownFileType = sourcecode.swift; path = ViewController.swift; sourceTree = "<group>"; };
		DE943B9028085B8200E4BA3B /* Base */ = {isa = PBXFileReference; lastKnownFileType = file.storyboard; name = Base; path = Base.lproj/Main.storyboard; sourceTree = "<group>"; };
		DE943B9228085B8400E4BA3B /* Assets.xcassets */ = {isa = PBXFileReference; lastKnownFileType = folder.assetcatalog; path = Assets.xcassets; sourceTree = "<group>"; };
		DE943B9528085B8400E4BA3B /* Base */ = {isa = PBXFileReference; lastKnownFileType = file.storyboard; name = Base; path = Base.lproj/LaunchScreen.storyboard; sourceTree = "<group>"; };
		DE943B9728085B8400E4BA3B /* Info.plist */ = {isa = PBXFileReference; lastKnownFileType = text.plist.xml; path = Info.plist; sourceTree = "<group>"; };
		DE943B9C28085B8400E4BA3B /* secondTests.xctest */ = {isa = PBXFileReference; explicitFileType = wrapper.cfbundle; includeInIndex = 0; path = secondTests.xctest; sourceTree = BUILT_PRODUCTS_DIR; };
		DE943BA028085B8400E4BA3B /* secondTests.swift */ = {isa = PBXFileReference; lastKnownFileType = sourcecode.swift; path = secondTests.swift; sourceTree = "<group>"; };
		DE943BA628085B8400E4BA3B /* secondUITests.xctest */ = {isa = PBXFileReference; explicitFileType = wrapper.cfbundle; includeInIndex = 0; path = secondUITests.xctest; sourceTree = BUILT_PRODUCTS_DIR; };
		DE943BAA28085B8400E4BA3B /* secondUITests.swift */ = {isa = PBXFileReference; lastKnownFileType = sourcecode.swift; path = secondUITests.swift; sourceTree = "<group>"; };
		DE943BAC28085B8400E4BA3B /* secondUITestsLaunchTests.swift */ = {isa = PBXFileReference; lastKnownFileType = sourcecode.swift; path = secondUITestsLaunchTests.swift; sourceTree = "<group>"; };
		DE943BBC28085CF600E4BA3B /* 스크린샷 2021-11-24 오전 12.07.33.png */ = {isa = PBXFileReference; lastKnownFileType = image.png; path = "스크린샷 2021-11-24 오전 12.07.33.png"; sourceTree = "<group>"; };
/* End PBXFileReference section */

/* Begin PBXFrameworksBuildPhase section */
		DE943B8328085B8200E4BA3B /* Frameworks */ = {
			isa = PBXFrameworksBuildPhase;
			buildActionMask = 2147483647;
			files = (
			);
			runOnlyForDeploymentPostprocessing = 0;
		};
		DE943B9928085B8400E4BA3B /* Frameworks */ = {
			isa = PBXFrameworksBuildPhase;
			buildActionMask = 2147483647;
			files = (
			);
			runOnlyForDeploymentPostprocessing = 0;
		};
		DE943BA328085B8400E4BA3B /* Frameworks */ = {
			isa = PBXFrameworksBuildPhase;
			buildActionMask = 2147483647;
			files = (
			);
			runOnlyForDeploymentPostprocessing = 0;
		};
/* End PBXFrameworksBuildPhase section */

/* Begin PBXGroup section */
		DE943B7D28085B8200E4BA3B = {
			isa = PBXGroup;
			children = (
				DE943B8828085B8200E4BA3B /* second */,
				DE943B9F28085B8400E4BA3B /* secondTests */,
				DE943BA928085B8400E4BA3B /* secondUITests */,
				DE943B8728085B8200E4BA3B /* Products */,
			);
			sourceTree = "<group>";
		};
		DE943B8728085B8200E4BA3B /* Products */ = {
			isa = PBXGroup;
			children = (
				DE943B8628085B8200E4BA3B /* second.app */,
				DE943B9C28085B8400E4BA3B /* secondTests.xctest */,
				DE943BA628085B8400E4BA3B /* secondUITests.xctest */,
			);
			name = Products;
			sourceTree = "<group>";
		};
		DE943B8828085B8200E4BA3B /* second */ = {
			isa = PBXGroup;
			children = (
				DE943B8928085B8200E4BA3B /* AppDelegate.swift */,
				DE943B8B28085B8200E4BA3B /* SceneDelegate.swift */,
				DE943B8D28085B8200E4BA3B /* ViewController.swift */,
				DE943B8F28085B8200E4BA3B /* Main.storyboard */,
				DE943B9228085B8400E4BA3B /* Assets.xcassets */,
				DE943B9428085B8400E4BA3B /* LaunchScreen.storyboard */,
				DE943B9728085B8400E4BA3B /* Info.plist */,
				DE943BBC28085CF600E4BA3B /* 스크린샷 2021-11-24 오전 12.07.33.png */,
			);
			path = second;
			sourceTree = "<group>";
		};
		DE943B9F28085B8400E4BA3B /* secondTests */ = {
			isa = PBXGroup;
			children = (
				DE943BA028085B8400E4BA3B /* secondTests.swift */,
			);
			path = secondTests;
			sourceTree = "<group>";
		};
		DE943BA928085B8400E4BA3B /* secondUITests */ = {
			isa = PBXGroup;
			children = (
				DE943BAA28085B8400E4BA3B /* secondUITests.swift */,
				DE943BAC28085B8400E4BA3B /* secondUITestsLaunchTests.swift */,
			);
			path = secondUITests;
			sourceTree = "<group>";
		};
/* End PBXGroup section */

/* Begin PBXNativeTarget section */
		DE943B8528085B8200E4BA3B /* second */ = {
			isa = PBXNativeTarget;
			buildConfigurationList = DE943BB028085B8400E4BA3B /* Build configuration list for PBXNativeTarget "second" */;
			buildPhases = (
				DE943B8228085B8200E4BA3B /* Sources */,
				DE943B8328085B8200E4BA3B /* Frameworks */,
				DE943B8428085B8200E4BA3B /* Resources */,
			);
			buildRules = (
			);
			dependencies = (
			);
			name = second;
			productName = second;
			productReference = DE943B8628085B8200E4BA3B /* second.app */;
			productType = "com.apple.product-type.application";
		};
		DE943B9B28085B8400E4BA3B /* secondTests */ = {
			isa = PBXNativeTarget;
			buildConfigurationList = DE943BB328085B8400E4BA3B /* Build configuration list for PBXNativeTarget "secondTests" */;
			buildPhases = (
				DE943B9828085B8400E4BA3B /* Sources */,
				DE943B9928085B8400E4BA3B /* Frameworks */,
				DE943B9A28085B8400E4BA3B /* Resources */,
			);
			buildRules = (
			);
			dependencies = (
				DE943B9E28085B8400E4BA3B /* PBXTargetDependency */,
			);
			name = secondTests;
			productName = secondTests;
			productReference = DE943B9C28085B8400E4BA3B /* secondTests.xctest */;
			productType = "com.apple.product-type.bundle.unit-test";
		};
		DE943BA528085B8400E4BA3B /* secondUITests */ = {
			isa = PBXNativeTarget;
			buildConfigurationList = DE943BB628085B8400E4BA3B /* Build configuration list for PBXNativeTarget "secondUITests" */;
			buildPhases = (
				DE943BA228085B8400E4BA3B /* Sources */,
				DE943BA328085B8400E4BA3B /* Frameworks */,
				DE943BA428085B8400E4BA3B /* Resources */,
			);
			buildRules = (
			);
			dependencies = (
				DE943BA828085B8400E4BA3B /* PBXTargetDependency */,
			);
			name = secondUITests;
			productName = secondUITests;
			productReference = DE943BA628085B8400E4BA3B /* secondUITests.xctest */;
			productType = "com.apple.product-type.bundle.ui-testing";
		};
/* End PBXNativeTarget section */

/* Begin PBXProject section */
		DE943B7E28085B8200E4BA3B /* Project object */ = {
			isa = PBXProject;
			attributes = {
				BuildIndependentTargetsInParallel = 1;
				LastSwiftUpdateCheck = 1320;
				LastUpgradeCheck = 1320;
				TargetAttributes = {
					DE943B8528085B8200E4BA3B = {
						CreatedOnToolsVersion = 13.2.1;
					};
					DE943B9B28085B8400E4BA3B = {
						CreatedOnToolsVersion = 13.2.1;
						TestTargetID = DE943B8528085B8200E4BA3B;
					};
					DE943BA528085B8400E4BA3B = {
						CreatedOnToolsVersion = 13.2.1;
						TestTargetID = DE943B8528085B8200E4BA3B;
					};
				};
			};
			buildConfigurationList = DE943B8128085B8200E4BA3B /* Build configuration list for PBXProject "second" */;
			compatibilityVersion = "Xcode 13.0";
			developmentRegion = en;
			hasScannedForEncodings = 0;
			knownRegions = (
				en,
				Base,
			);
			mainGroup = DE943B7D28085B8200E4BA3B;
			productRefGroup = DE943B8728085B8200E4BA3B /* Products */;
			projectDirPath = "";
			projectRoot = "";
			targets = (
				DE943B8528085B8200E4BA3B /* second */,
				DE943B9B28085B8400E4BA3B /* secondTests */,
				DE943BA528085B8400E4BA3B /* secondUITests */,
			);
		};
/* End PBXProject section */

/* Begin PBXResourcesBuildPhase section */
		DE943B8428085B8200E4BA3B /* Resources */ = {
			isa = PBXResourcesBuildPhase;
			buildActionMask = 2147483647;
			files = (
				DE943B9628085B8400E4BA3B /* LaunchScreen.storyboard in Resources */,
				DE943B9328085B8400E4BA3B /* Assets.xcassets in Resources */,
				DE943B9128085B8200E4BA3B /* Main.storyboard in Resources */,
				DE943BBD28085CF600E4BA3B /* 스크린샷 2021-11-24 오전 12.07.33.png in Resources */,
			);
			runOnlyForDeploymentPostprocessing = 0;
		};
		DE943B9A28085B8400E4BA3B /* Resources */ = {
			isa = PBXResourcesBuildPhase;
			buildActionMask = 2147483647;
			files = (
			);
			runOnlyForDeploymentPostprocessing = 0;
		};
		DE943BA428085B8400E4BA3B /* Resources */ = {
			isa = PBXResourcesBuildPhase;
			buildActionMask = 2147483647;
			files = (
			);
			runOnlyForDeploymentPostprocessing = 0;
		};
/* End PBXResourcesBuildPhase section */

/* Begin PBXSourcesBuildPhase section */
		DE943B8228085B8200E4BA3B /* Sources */ = {
			isa = PBXSourcesBuildPhase;
			buildActionMask = 2147483647;
			files = (
				DE943B8E28085B8200E4BA3B /* ViewController.swift in Sources */,
				DE943B8A28085B8200E4BA3B /* AppDelegate.swift in Sources */,
				DE943B8C28085B8200E4BA3B /* SceneDelegate.swift in Sources */,
			);
			runOnlyForDeploymentPostprocessing = 0;
		};
		DE943B9828085B8400E4BA3B /* Sources */ = {
			isa = PBXSourcesBuildPhase;
			buildActionMask = 2147483647;
			files = (
				DE943BA128085B8400E4BA3B /* secondTests.swift in Sources */,
			);
			runOnlyForDeploymentPostprocessing = 0;
		};
		DE943BA228085B8400E4BA3B /* Sources */ = {
			isa = PBXSourcesBuildPhase;
			buildActionMask = 2147483647;
			files = (
				DE943BAD28085B8400E4BA3B /* secondUITestsLaunchTests.swift in Sources */,
				DE943BAB28085B8400E4BA3B /* secondUITests.swift in Sources */,
			);
			runOnlyForDeploymentPostprocessing = 0;
		};
/* End PBXSourcesBuildPhase section */

/* Begin PBXTargetDependency section */
		DE943B9E28085B8400E4BA3B /* PBXTargetDependency */ = {
			isa = PBXTargetDependency;
			target = DE943B8528085B8200E4BA3B /* second */;
			targetProxy = DE943B9D28085B8400E4BA3B /* PBXContainerItemProxy */;
		};
		DE943BA828085B8400E4BA3B /* PBXTargetDependency */ = {
			isa = PBXTargetDependency;
			target = DE943B8528085B8200E4BA3B /* second */;
			targetProxy = DE943BA728085B8400E4BA3B /* PBXContainerItemProxy */;
		};
/* End PBXTargetDependency section */

/* Begin PBXVariantGroup section */
		DE943B8F28085B8200E4BA3B /* Main.storyboard */ = {
			isa = PBXVariantGroup;
			children = (
				DE943B9028085B8200E4BA3B /* Base */,
			);
			name = Main.storyboard;
			sourceTree = "<group>";
		};
		DE943B9428085B8400E4BA3B /* LaunchScreen.storyboard */ = {
			isa = PBXVariantGroup;
			children = (
				DE943B9528085B8400E4BA3B /* Base */,
			);
			name = LaunchScreen.storyboard;
			sourceTree = "<group>";
		};
/* End PBXVariantGroup section */

/* Begin XCBuildConfiguration section */
		DE943BAE28085B8400E4BA3B /* Debug */ = {
			isa = XCBuildConfiguration;
			buildSettings = {
				ALWAYS_SEARCH_USER_PATHS = NO;
				CLANG_ANALYZER_NONNULL = YES;
				CLANG_ANALYZER_NUMBER_OBJECT_CONVERSION = YES_AGGRESSIVE;
				CLANG_CXX_LANGUAGE_STANDARD = "gnu++17";
				CLANG_CXX_LIBRARY = "libc++";
				CLANG_ENABLE_MODULES = YES;
				CLANG_ENABLE_OBJC_ARC = YES;
				CLANG_ENABLE_OBJC_WEAK = YES;
				CLANG_WARN_BLOCK_CAPTURE_AUTORELEASING = YES;
				CLANG_WARN_BOOL_CONVERSION = YES;
				CLANG_WARN_COMMA = YES;
				CLANG_WARN_CONSTANT_CONVERSION = YES;
				CLANG_WARN_DEPRECATED_OBJC_IMPLEMENTATIONS = YES;
				CLANG_WARN_DIRECT_OBJC_ISA_USAGE = YES_ERROR;
				CLANG_WARN_DOCUMENTATION_COMMENTS = YES;
				CLANG_WARN_EMPTY_BODY = YES;
				CLANG_WARN_ENUM_CONVERSION = YES;
				CLANG_WARN_INFINITE_RECURSION = YES;
				CLANG_WARN_INT_CONVERSION = YES;
				CLANG_WARN_NON_LITERAL_NULL_CONVERSION = YES;
				CLANG_WARN_OBJC_IMPLICIT_RETAIN_SELF = YES;
				CLANG_WARN_OBJC_LITERAL_CONVERSION = YES;
				CLANG_WARN_OBJC_ROOT_CLASS = YES_ERROR;
				CLANG_WARN_QUOTED_INCLUDE_IN_FRAMEWORK_HEADER = YES;
				CLANG_WARN_RANGE_LOOP_ANALYSIS = YES;
				CLANG_WARN_STRICT_PROTOTYPES = YES;
				CLANG_WARN_SUSPICIOUS_MOVE = YES;
				CLANG_WARN_UNGUARDED_AVAILABILITY = YES_AGGRESSIVE;
				CLANG_WARN_UNREACHABLE_CODE = YES;
				CLANG_WARN__DUPLICATE_METHOD_MATCH = YES;
				COPY_PHASE_STRIP = NO;
				DEBUG_INFORMATION_FORMAT = dwarf;
				ENABLE_STRICT_OBJC_MSGSEND = YES;
				ENABLE_TESTABILITY = YES;
				GCC_C_LANGUAGE_STANDARD = gnu11;
				GCC_DYNAMIC_NO_PIC = NO;
				GCC_NO_COMMON_BLOCKS = YES;
				GCC_OPTIMIZATION_LEVEL = 0;
				GCC_PREPROCESSOR_DEFINITIONS = (
					"DEBUG=1",
					"$(inherited)",
				);
				GCC_WARN_64_TO_32_BIT_CONVERSION = YES;
				GCC_WARN_ABOUT_RETURN_TYPE = YES_ERROR;
				GCC_WARN_UNDECLARED_SELECTOR = YES;
				GCC_WARN_UNINITIALIZED_AUTOS = YES_AGGRESSIVE;
				GCC_WARN_UNUSED_FUNCTION = YES;
				GCC_WARN_UNUSED_VARIABLE = YES;
				IPHONEOS_DEPLOYMENT_TARGET = 15.2;
				MTL_ENABLE_DEBUG_INFO = INCLUDE_SOURCE;
				MTL_FAST_MATH = YES;
				ONLY_ACTIVE_ARCH = YES;
				SDKROOT = iphoneos;
				SWIFT_ACTIVE_COMPILATION_CONDITIONS = DEBUG;
				SWIFT_OPTIMIZATION_LEVEL = "-Onone";
			};
			name = Debug;
		};
		DE943BAF28085B8400E4BA3B /* Release */ = {
			isa = XCBuildConfiguration;
			buildSettings = {
				ALWAYS_SEARCH_USER_PATHS = NO;
				CLANG_ANALYZER_NONNULL = YES;
				CLANG_ANALYZER_NUMBER_OBJECT_CONVERSION = YES_AGGRESSIVE;
				CLANG_CXX_LANGUAGE_STANDARD = "gnu++17";
				CLANG_CXX_LIBRARY = "libc++";
				CLANG_ENABLE_MODULES = YES;
				CLANG_ENABLE_OBJC_ARC = YES;
				CLANG_ENABLE_OBJC_WEAK = YES;
				CLANG_WARN_BLOCK_CAPTURE_AUTORELEASING = YES;
				CLANG_WARN_BOOL_CONVERSION = YES;
				CLANG_WARN_COMMA = YES;
				CLANG_WARN_CONSTANT_CONVERSION = YES;
				CLANG_WARN_DEPRECATED_OBJC_IMPLEMENTATIONS = YES;
				CLANG_WARN_DIRECT_OBJC_ISA_USAGE = YES_ERROR;
				CLANG_WARN_DOCUMENTATION_COMMENTS = YES;
				CLANG_WARN_EMPTY_BODY = YES;
				CLANG_WARN_ENUM_CONVERSION = YES;
				CLANG_WARN_INFINITE_RECURSION = YES;
				CLANG_WARN_INT_CONVERSION = YES;
				CLANG_WARN_NON_LITERAL_NULL_CONVERSION = YES;
				CLANG_WARN_OBJC_IMPLICIT_RETAIN_SELF = YES;
				CLANG_WARN_OBJC_LITERAL_CONVERSION = YES;
				CLANG_WARN_OBJC_ROOT_CLASS = YES_ERROR;
				CLANG_WARN_QUOTED_INCLUDE_IN_FRAMEWORK_HEADER = YES;
				CLANG_WARN_RANGE_LOOP_ANALYSIS = YES;
				CLANG_WARN_STRICT_PROTOTYPES = YES;
				CLANG_WARN_SUSPICIOUS_MOVE = YES;
				CLANG_WARN_UNGUARDED_AVAILABILITY = YES_AGGRESSIVE;
				CLANG_WARN_UNREACHABLE_CODE = YES;
				CLANG_WARN__DUPLICATE_METHOD_MATCH = YES;
				COPY_PHASE_STRIP = NO;
				DEBUG_INFORMATION_FORMAT = "dwarf-with-dsym";
				ENABLE_NS_ASSERTIONS = NO;
				ENABLE_STRICT_OBJC_MSGSEND = YES;
				GCC_C_LANGUAGE_STANDARD = gnu11;
				GCC_NO_COMMON_BLOCKS = YES;
				GCC_WARN_64_TO_32_BIT_CONVERSION = YES;
				GCC_WARN_ABOUT_RETURN_TYPE = YES_ERROR;
				GCC_WARN_UNDECLARED_SELECTOR = YES;
				GCC_WARN_UNINITIALIZED_AUTOS = YES_AGGRESSIVE;
				GCC_WARN_UNUSED_FUNCTION = YES;
				GCC_WARN_UNUSED_VARIABLE = YES;
				IPHONEOS_DEPLOYMENT_TARGET = 15.2;
				MTL_ENABLE_DEBUG_INFO = NO;
				MTL_FAST_MATH = YES;
				SDKROOT = iphoneos;
				SWIFT_COMPILATION_MODE = wholemodule;
				SWIFT_OPTIMIZATION_LEVEL = "-O";
				VALIDATE_PRODUCT = YES;
			};
			name = Release;
		};
		DE943BB128085B8400E4BA3B /* Debug */ = {
			isa = XCBuildConfiguration;
			buildSettings = {
				ASSETCATALOG_COMPILER_APPICON_NAME = AppIcon;
				ASSETCATALOG_COMPILER_GLOBAL_ACCENT_COLOR_NAME = AccentColor;
				CODE_SIGN_STYLE = Automatic;
				CURRENT_PROJECT_VERSION = 1;
				DEVELOPMENT_TEAM = GJ78ZA6524;
				GENERATE_INFOPLIST_FILE = YES;
				INFOPLIST_FILE = second/Info.plist;
				INFOPLIST_KEY_UIApplicationSupportsIndirectInputEvents = YES;
				INFOPLIST_KEY_UILaunchStoryboardName = LaunchScreen;
				INFOPLIST_KEY_UIMainStoryboardFile = Main;
				INFOPLIST_KEY_UISupportedInterfaceOrientations_iPad = "UIInterfaceOrientationPortrait UIInterfaceOrientationPortraitUpsideDown UIInterfaceOrientationLandscapeLeft UIInterfaceOrientationLandscapeRight";
				INFOPLIST_KEY_UISupportedInterfaceOrientations_iPhone = "UIInterfaceOrientationPortrait UIInterfaceOrientationLandscapeLeft UIInterfaceOrientationLandscapeRight";
				LD_RUNPATH_SEARCH_PATHS = (
					"$(inherited)",
					"@executable_path/Frameworks",
				);
				MARKETING_VERSION = 1.0;
				PRODUCT_BUNDLE_IDENTIFIER = kabosuym3a.second;
				PRODUCT_NAME = "$(TARGET_NAME)";
				SWIFT_EMIT_LOC_STRINGS = YES;
				SWIFT_VERSION = 5.0;
				TARGETED_DEVICE_FAMILY = "1,2";
			};
			name = Debug;
		};
		DE943BB228085B8400E4BA3B /* Release */ = {
			isa = XCBuildConfiguration;
			buildSettings = {
				ASSETCATALOG_COMPILER_APPICON_NAME = AppIcon;
				ASSETCATALOG_COMPILER_GLOBAL_ACCENT_COLOR_NAME = AccentColor;
				CODE_SIGN_STYLE = Automatic;
				CURRENT_PROJECT_VERSION = 1;
				DEVELOPMENT_TEAM = GJ78ZA6524;
				GENERATE_INFOPLIST_FILE = YES;
				INFOPLIST_FILE = second/Info.plist;
				INFOPLIST_KEY_UIApplicationSupportsIndirectInputEvents = YES;
				INFOPLIST_KEY_UILaunchStoryboardName = LaunchScreen;
				INFOPLIST_KEY_UIMainStoryboardFile = Main;
				INFOPLIST_KEY_UISupportedInterfaceOrientations_iPad = "UIInterfaceOrientationPortrait UIInterfaceOrientationPortraitUpsideDown UIInterfaceOrientationLandscapeLeft UIInterfaceOrientationLandscapeRight";
				INFOPLIST_KEY_UISupportedInterfaceOrientations_iPhone = "UIInterfaceOrientationPortrait UIInterfaceOrientationLandscapeLeft UIInterfaceOrientationLandscapeRight";
				LD_RUNPATH_SEARCH_PATHS = (
					"$(inherited)",
					"@executable_path/Frameworks",
				);
				MARKETING_VERSION = 1.0;
				PRODUCT_BUNDLE_IDENTIFIER = kabosuym3a.second;
				PRODUCT_NAME = "$(TARGET_NAME)";
				SWIFT_EMIT_LOC_STRINGS = YES;
				SWIFT_VERSION = 5.0;
				TARGETED_DEVICE_FAMILY = "1,2";
			};
			name = Release;
		};
		DE943BB428085B8400E4BA3B /* Debug */ = {
			isa = XCBuildConfiguration;
			buildSettings = {
				ALWAYS_EMBED_SWIFT_STANDARD_LIBRARIES = YES;
				BUNDLE_LOADER = "$(TEST_HOST)";
				CODE_SIGN_STYLE = Automatic;
				CURRENT_PROJECT_VERSION = 1;
				DEVELOPMENT_TEAM = GJ78ZA6524;
				GENERATE_INFOPLIST_FILE = YES;
				IPHONEOS_DEPLOYMENT_TARGET = 15.2;
				MARKETING_VERSION = 1.0;
				PRODUCT_BUNDLE_IDENTIFIER = kabosuym3a.secondTests;
				PRODUCT_NAME = "$(TARGET_NAME)";
				SWIFT_EMIT_LOC_STRINGS = NO;
				SWIFT_VERSION = 5.0;
				TARGETED_DEVICE_FAMILY = "1,2";
				TEST_HOST = "$(BUILT_PRODUCTS_DIR)/second.app/second";
			};
			name = Debug;
		};
		DE943BB528085B8400E4BA3B /* Release */ = {
			isa = XCBuildConfiguration;
			buildSettings = {
				ALWAYS_EMBED_SWIFT_STANDARD_LIBRARIES = YES;
				BUNDLE_LOADER = "$(TEST_HOST)";
				CODE_SIGN_STYLE = Automatic;
				CURRENT_PROJECT_VERSION = 1;
				DEVELOPMENT_TEAM = GJ78ZA6524;
				GENERATE_INFOPLIST_FILE = YES;
				IPHONEOS_DEPLOYMENT_TARGET = 15.2;
				MARKETING_VERSION = 1.0;
				PRODUCT_BUNDLE_IDENTIFIER = kabosuym3a.secondTests;
				PRODUCT_NAME = "$(TARGET_NAME)";
				SWIFT_EMIT_LOC_STRINGS = NO;
				SWIFT_VERSION = 5.0;
				TARGETED_DEVICE_FAMILY = "1,2";
				TEST_HOST = "$(BUILT_PRODUCTS_DIR)/second.app/second";
			};
			name = Release;
		};
		DE943BB728085B8400E4BA3B /* Debug */ = {
			isa = XCBuildConfiguration;
			buildSettings = {
				ALWAYS_EMBED_SWIFT_STANDARD_LIBRARIES = YES;
				CODE_SIGN_STYLE = Automatic;
				CURRENT_PROJECT_VERSION = 1;
				DEVELOPMENT_TEAM = GJ78ZA6524;
				GENERATE_INFOPLIST_FILE = YES;
				MARKETING_VERSION = 1.0;
				PRODUCT_BUNDLE_IDENTIFIER = kabosuym3a.secondUITests;
				PRODUCT_NAME = "$(TARGET_NAME)";
				SWIFT_EMIT_LOC_STRINGS = NO;
				SWIFT_VERSION = 5.0;
				TARGETED_DEVICE_FAMILY = "1,2";
				TEST_TARGET_NAME = second;
			};
			name = Debug;
		};
		DE943BB828085B8400E4BA3B /* Release */ = {
			isa = XCBuildConfiguration;
			buildSettings = {
				ALWAYS_EMBED_SWIFT_STANDARD_LIBRARIES = YES;
				CODE_SIGN_STYLE = Automatic;
				CURRENT_PROJECT_VERSION = 1;
				DEVELOPMENT_TEAM = GJ78ZA6524;
				GENERATE_INFOPLIST_FILE = YES;
				MARKETING_VERSION = 1.0;
				PRODUCT_BUNDLE_IDENTIFIER = kabosuym3a.secondUITests;
				PRODUCT_NAME = "$(TARGET_NAME)";
				SWIFT_EMIT_LOC_STRINGS = NO;
				SWIFT_VERSION = 5.0;
				TARGETED_DEVICE_FAMILY = "1,2";
				TEST_TARGET_NAME = second;
			};
			name = Release;
		};
/* End XCBuildConfiguration section */

/* Begin XCConfigurationList section */
		DE943B8128085B8200E4BA3B /* Build configuration list for PBXProject "second" */ = {
			isa = XCConfigurationList;
			buildConfigurations = (
				DE943BAE28085B8400E4BA3B /* Debug */,
				DE943BAF28085B8400E4BA3B /* Release */,
			);
			defaultConfigurationIsVisible = 0;
			defaultConfigurationName = Release;
		};
		DE943BB028085B8400E4BA3B /* Build configuration list for PBXNativeTarget "second" */ = {
			isa = XCConfigurationList;
			buildConfigurations = (
				DE943BB128085B8400E4BA3B /* Debug */,
				DE943BB228085B8400E4BA3B /* Release */,
			);
			defaultConfigurationIsVisible = 0;
			defaultConfigurationName = Release;
		};
		DE943BB328085B8400E4BA3B /* Build configuration list for PBXNativeTarget "secondTests" */ = {
			isa = XCConfigurationList;
			buildConfigurations = (
				DE943BB428085B8400E4BA3B /* Debug */,
				DE943BB528085B8400E4BA3B /* Release */,
			);
			defaultConfigurationIsVisible = 0;
			defaultConfigurationName = Release;
		};
		DE943BB628085B8400E4BA3B /* Build configuration list for PBXNativeTarget "secondUITests" */ = {
			isa = XCConfigurationList;
			buildConfigurations = (
				DE943BB728085B8400E4BA3B /* Debug */,
				DE943BB828085B8400E4BA3B /* Release */,
			);
			defaultConfigurationIsVisible = 0;
			defaultConfigurationName = Release;
		};
/* End XCConfigurationList section */
	};
	rootObject = DE943B7E28085B8200E4BA3B /* Project object */;
}
