// !$*UTF8*$!
{
	archiveVersion = 1;
	classes = {
	};
	objectVersion = 55;
	objects = {

/* Begin PBXBuildFile section */
		DE943B4E280859E100E4BA3B /* AppDelegate.swift in Sources */ = {isa = PBXBuildFile; fileRef = DE943B4D280859E100E4BA3B /* AppDelegate.swift */; };
		DE943B50280859E100E4BA3B /* SceneDelegate.swift in Sources */ = {isa = PBXBuildFile; fileRef = DE943B4F280859E100E4BA3B /* SceneDelegate.swift */; };
		DE943B52280859E100E4BA3B /* ViewController.swift in Sources */ = {isa = PBXBuildFile; fileRef = DE943B51280859E100E4BA3B /* ViewController.swift */; };
		DE943B55280859E100E4BA3B /* Main.storyboard in Resources */ = {isa = PBXBuildFile; fileRef = DE943B53280859E100E4BA3B /* Main.storyboard */; };
		DE943B57280859E300E4BA3B /* Assets.xcassets in Resources */ = {isa = PBXBuildFile; fileRef = DE943B56280859E300E4BA3B /* Assets.xcassets */; };
		DE943B5A280859E300E4BA3B /* LaunchScreen.storyboard in Resources */ = {isa = PBXBuildFile; fileRef = DE943B58280859E300E4BA3B /* LaunchScreen.storyboard */; };
		DE943B65280859E300E4BA3B /* firstTests.swift in Sources */ = {isa = PBXBuildFile; fileRef = DE943B64280859E300E4BA3B /* firstTests.swift */; };
		DE943B6F280859E300E4BA3B /* firstUITests.swift in Sources */ = {isa = PBXBuildFile; fileRef = DE943B6E280859E300E4BA3B /* firstUITests.swift */; };
		DE943B71280859E300E4BA3B /* firstUITestsLaunchTests.swift in Sources */ = {isa = PBXBuildFile; fileRef = DE943B70280859E300E4BA3B /* firstUITestsLaunchTests.swift */; };
/* End PBXBuildFile section */

/* Begin PBXContainerItemProxy section */
		DE943B61280859E300E4BA3B /* PBXContainerItemProxy */ = {
			isa = PBXContainerItemProxy;
			containerPortal = DE943B42280859E100E4BA3B /* Project object */;
			proxyType = 1;
			remoteGlobalIDString = DE943B49280859E100E4BA3B;
			remoteInfo = first;
		};
		DE943B6B280859E300E4BA3B /* PBXContainerItemProxy */ = {
			isa = PBXContainerItemProxy;
			containerPortal = DE943B42280859E100E4BA3B /* Project object */;
			proxyType = 1;
			remoteGlobalIDString = DE943B49280859E100E4BA3B;
			remoteInfo = first;
		};
/* End PBXContainerItemProxy section */

/* Begin PBXFileReference section */
		DE943B4A280859E100E4BA3B /* first.app */ = {isa = PBXFileReference; explicitFileType = wrapper.application; includeInIndex = 0; path = first.app; sourceTree = BUILT_PRODUCTS_DIR; };
		DE943B4D280859E100E4BA3B /* AppDelegate.swift */ = {isa = PBXFileReference; lastKnownFileType = sourcecode.swift; path = AppDelegate.swift; sourceTree = "<group>"; };
		DE943B4F280859E100E4BA3B /* SceneDelegate.swift */ = {isa = PBXFileReference; lastKnownFileType = sourcecode.swift; path = SceneDelegate.swift; sourceTree = "<group>"; };
		DE943B51280859E100E4BA3B /* ViewController.swift */ = {isa = PBXFileReference; lastKnownFileType = sourcecode.swift; path = ViewController.swift; sourceTree = "<group>"; };
		DE943B54280859E100E4BA3B /* Base */ = {isa = PBXFileReference; lastKnownFileType = file.storyboard; name = Base; path = Base.lproj/Main.storyboard; sourceTree = "<group>"; };
		DE943B56280859E300E4BA3B /* Assets.xcassets */ = {isa = PBXFileReference; lastKnownFileType = folder.assetcatalog; path = Assets.xcassets; sourceTree = "<group>"; };
		DE943B59280859E300E4BA3B /* Base */ = {isa = PBXFileReference; lastKnownFileType = file.storyboard; name = Base; path = Base.lproj/LaunchScreen.storyboard; sourceTree = "<group>"; };
		DE943B5B280859E300E4BA3B /* Info.plist */ = {isa = PBXFileReference; lastKnownFileType = text.plist.xml; path = Info.plist; sourceTree = "<group>"; };
		DE943B60280859E300E4BA3B /* firstTests.xctest */ = {isa = PBXFileReference; explicitFileType = wrapper.cfbundle; includeInIndex = 0; path = firstTests.xctest; sourceTree = BUILT_PRODUCTS_DIR; };
		DE943B64280859E300E4BA3B /* firstTests.swift */ = {isa = PBXFileReference; lastKnownFileType = sourcecode.swift; path = firstTests.swift; sourceTree = "<group>"; };
		DE943B6A280859E300E4BA3B /* firstUITests.xctest */ = {isa = PBXFileReference; explicitFileType = wrapper.cfbundle; includeInIndex = 0; path = firstUITests.xctest; sourceTree = BUILT_PRODUCTS_DIR; };
		DE943B6E280859E300E4BA3B /* firstUITests.swift */ = {isa = PBXFileReference; lastKnownFileType = sourcecode.swift; path = firstUITests.swift; sourceTree = "<group>"; };
		DE943B70280859E300E4BA3B /* firstUITestsLaunchTests.swift */ = {isa = PBXFileReference; lastKnownFileType = sourcecode.swift; path = firstUITestsLaunchTests.swift; sourceTree = "<group>"; };
/* End PBXFileReference section */

/* Begin PBXFrameworksBuildPhase section */
		DE943B47280859E100E4BA3B /* Frameworks */ = {
			isa = PBXFrameworksBuildPhase;
			buildActionMask = 2147483647;
			files = (
			);
			runOnlyForDeploymentPostprocessing = 0;
		};
		DE943B5D280859E300E4BA3B /* Frameworks */ = {
			isa = PBXFrameworksBuildPhase;
			buildActionMask = 2147483647;
			files = (
			);
			runOnlyForDeploymentPostprocessing = 0;
		};
		DE943B67280859E300E4BA3B /* Frameworks */ = {
			isa = PBXFrameworksBuildPhase;
			buildActionMask = 2147483647;
			files = (
			);
			runOnlyForDeploymentPostprocessing = 0;
		};
/* End PBXFrameworksBuildPhase section */

/* Begin PBXGroup section */
		DE943B41280859E100E4BA3B = {
			isa = PBXGroup;
			children = (
				DE943B4C280859E100E4BA3B /* first */,
				DE943B63280859E300E4BA3B /* firstTests */,
				DE943B6D280859E300E4BA3B /* firstUITests */,
				DE943B4B280859E100E4BA3B /* Products */,
			);
			sourceTree = "<group>";
		};
		DE943B4B280859E100E4BA3B /* Products */ = {
			isa = PBXGroup;
			children = (
				DE943B4A280859E100E4BA3B /* first.app */,
				DE943B60280859E300E4BA3B /* firstTests.xctest */,
				DE943B6A280859E300E4BA3B /* firstUITests.xctest */,
			);
			name = Products;
			sourceTree = "<group>";
		};
		DE943B4C280859E100E4BA3B /* first */ = {
			isa = PBXGroup;
			children = (
				DE943B4D280859E100E4BA3B /* AppDelegate.swift */,
				DE943B4F280859E100E4BA3B /* SceneDelegate.swift */,
				DE943B51280859E100E4BA3B /* ViewController.swift */,
				DE943B53280859E100E4BA3B /* Main.storyboard */,
				DE943B56280859E300E4BA3B /* Assets.xcassets */,
				DE943B58280859E300E4BA3B /* LaunchScreen.storyboard */,
				DE943B5B280859E300E4BA3B /* Info.plist */,
			);
			path = first;
			sourceTree = "<group>";
		};
		DE943B63280859E300E4BA3B /* firstTests */ = {
			isa = PBXGroup;
			children = (
				DE943B64280859E300E4BA3B /* firstTests.swift */,
			);
			path = firstTests;
			sourceTree = "<group>";
		};
		DE943B6D280859E300E4BA3B /* firstUITests */ = {
			isa = PBXGroup;
			children = (
				DE943B6E280859E300E4BA3B /* firstUITests.swift */,
				DE943B70280859E300E4BA3B /* firstUITestsLaunchTests.swift */,
			);
			path = firstUITests;
			sourceTree = "<group>";
		};
/* End PBXGroup section */

/* Begin PBXNativeTarget section */
		DE943B49280859E100E4BA3B /* first */ = {
			isa = PBXNativeTarget;
			buildConfigurationList = DE943B74280859E300E4BA3B /* Build configuration list for PBXNativeTarget "first" */;
			buildPhases = (
				DE943B46280859E100E4BA3B /* Sources */,
				DE943B47280859E100E4BA3B /* Frameworks */,
				DE943B48280859E100E4BA3B /* Resources */,
			);
			buildRules = (
			);
			dependencies = (
			);
			name = first;
			productName = first;
			productReference = DE943B4A280859E100E4BA3B /* first.app */;
			productType = "com.apple.product-type.application";
		};
		DE943B5F280859E300E4BA3B /* firstTests */ = {
			isa = PBXNativeTarget;
			buildConfigurationList = DE943B77280859E300E4BA3B /* Build configuration list for PBXNativeTarget "firstTests" */;
			buildPhases = (
				DE943B5C280859E300E4BA3B /* Sources */,
				DE943B5D280859E300E4BA3B /* Frameworks */,
				DE943B5E280859E300E4BA3B /* Resources */,
			);
			buildRules = (
			);
			dependencies = (
				DE943B62280859E300E4BA3B /* PBXTargetDependency */,
			);
			name = firstTests;
			productName = firstTests;
			productReference = DE943B60280859E300E4BA3B /* firstTests.xctest */;
			productType = "com.apple.product-type.bundle.unit-test";
		};
		DE943B69280859E300E4BA3B /* firstUITests */ = {
			isa = PBXNativeTarget;
			buildConfigurationList = DE943B7A280859E300E4BA3B /* Build configuration list for PBXNativeTarget "firstUITests" */;
			buildPhases = (
				DE943B66280859E300E4BA3B /* Sources */,
				DE943B67280859E300E4BA3B /* Frameworks */,
				DE943B68280859E300E4BA3B /* Resources */,
			);
			buildRules = (
			);
			dependencies = (
				DE943B6C280859E300E4BA3B /* PBXTargetDependency */,
			);
			name = firstUITests;
			productName = firstUITests;
			productReference = DE943B6A280859E300E4BA3B /* firstUITests.xctest */;
			productType = "com.apple.product-type.bundle.ui-testing";
		};
/* End PBXNativeTarget section */

/* Begin PBXProject section */
		DE943B42280859E100E4BA3B /* Project object */ = {
			isa = PBXProject;
			attributes = {
				BuildIndependentTargetsInParallel = 1;
				LastSwiftUpdateCheck = 1320;
				LastUpgradeCheck = 1320;
				TargetAttributes = {
					DE943B49280859E100E4BA3B = {
						CreatedOnToolsVersion = 13.2.1;
					};
					DE943B5F280859E300E4BA3B = {
						CreatedOnToolsVersion = 13.2.1;
						TestTargetID = DE943B49280859E100E4BA3B;
					};
					DE943B69280859E300E4BA3B = {
						CreatedOnToolsVersion = 13.2.1;
						TestTargetID = DE943B49280859E100E4BA3B;
					};
				};
			};
			buildConfigurationList = DE943B45280859E100E4BA3B /* Build configuration list for PBXProject "first" */;
			compatibilityVersion = "Xcode 13.0";
			developmentRegion = en;
			hasScannedForEncodings = 0;
			knownRegions = (
				en,
				Base,
			);
			mainGroup = DE943B41280859E100E4BA3B;
			productRefGroup = DE943B4B280859E100E4BA3B /* Products */;
			projectDirPath = "";
			projectRoot = "";
			targets = (
				DE943B49280859E100E4BA3B /* first */,
				DE943B5F280859E300E4BA3B /* firstTests */,
				DE943B69280859E300E4BA3B /* firstUITests */,
			);
		};
/* End PBXProject section */

/* Begin PBXResourcesBuildPhase section */
		DE943B48280859E100E4BA3B /* Resources */ = {
			isa = PBXResourcesBuildPhase;
			buildActionMask = 2147483647;
			files = (
				DE943B5A280859E300E4BA3B /* LaunchScreen.storyboard in Resources */,
				DE943B57280859E300E4BA3B /* Assets.xcassets in Resources */,
				DE943B55280859E100E4BA3B /* Main.storyboard in Resources */,
			);
			runOnlyForDeploymentPostprocessing = 0;
		};
		DE943B5E280859E300E4BA3B /* Resources */ = {
			isa = PBXResourcesBuildPhase;
			buildActionMask = 2147483647;
			files = (
			);
			runOnlyForDeploymentPostprocessing = 0;
		};
		DE943B68280859E300E4BA3B /* Resources */ = {
			isa = PBXResourcesBuildPhase;
			buildActionMask = 2147483647;
			files = (
			);
			runOnlyForDeploymentPostprocessing = 0;
		};
/* End PBXResourcesBuildPhase section */

/* Begin PBXSourcesBuildPhase section */
		DE943B46280859E100E4BA3B /* Sources */ = {
			isa = PBXSourcesBuildPhase;
			buildActionMask = 2147483647;
			files = (
				DE943B52280859E100E4BA3B /* ViewController.swift in Sources */,
				DE943B4E280859E100E4BA3B /* AppDelegate.swift in Sources */,
				DE943B50280859E100E4BA3B /* SceneDelegate.swift in Sources */,
			);
			runOnlyForDeploymentPostprocessing = 0;
		};
		DE943B5C280859E300E4BA3B /* Sources */ = {
			isa = PBXSourcesBuildPhase;
			buildActionMask = 2147483647;
			files = (
				DE943B65280859E300E4BA3B /* firstTests.swift in Sources */,
			);
			runOnlyForDeploymentPostprocessing = 0;
		};
		DE943B66280859E300E4BA3B /* Sources */ = {
			isa = PBXSourcesBuildPhase;
			buildActionMask = 2147483647;
			files = (
				DE943B6F280859E300E4BA3B /* firstUITests.swift in Sources */,
				DE943B71280859E300E4BA3B /* firstUITestsLaunchTests.swift in Sources */,
			);
			runOnlyForDeploymentPostprocessing = 0;
		};
/* End PBXSourcesBuildPhase section */

/* Begin PBXTargetDependency section */
		DE943B62280859E300E4BA3B /* PBXTargetDependency */ = {
			isa = PBXTargetDependency;
			target = DE943B49280859E100E4BA3B /* first */;
			targetProxy = DE943B61280859E300E4BA3B /* PBXContainerItemProxy */;
		};
		DE943B6C280859E300E4BA3B /* PBXTargetDependency */ = {
			isa = PBXTargetDependency;
			target = DE943B49280859E100E4BA3B /* first */;
			targetProxy = DE943B6B280859E300E4BA3B /* PBXContainerItemProxy */;
		};
/* End PBXTargetDependency section */

/* Begin PBXVariantGroup section */
		DE943B53280859E100E4BA3B /* Main.storyboard */ = {
			isa = PBXVariantGroup;
			children = (
				DE943B54280859E100E4BA3B /* Base */,
			);
			name = Main.storyboard;
			sourceTree = "<group>";
		};
		DE943B58280859E300E4BA3B /* LaunchScreen.storyboard */ = {
			isa = PBXVariantGroup;
			children = (
				DE943B59280859E300E4BA3B /* Base */,
			);
			name = LaunchScreen.storyboard;
			sourceTree = "<group>";
		};
/* End PBXVariantGroup section */

/* Begin XCBuildConfiguration section */
		DE943B72280859E300E4BA3B /* Debug */ = {
			isa = XCBuildConfiguration;
			buildSettings = {
				ALWAYS_SEARCH_USER_PATHS = NO;
				CLANG_ANALYZER_NONNULL = YES;
				CLANG_ANALYZER_NUMBER_OBJECT_CONVERSION = YES_AGGRESSIVE;
				CLANG_CXX_LANGUAGE_STANDARD = "gnu++17";
				CLANG_CXX_LIBRARY = "libc++";
				CLANG_ENABLE_MODULES = YES;
				CLANG_ENABLE_OBJC_ARC = YES;
				CLANG_ENABLE_OBJC_WEAK = YES;
				CLANG_WARN_BLOCK_CAPTURE_AUTORELEASING = YES;
				CLANG_WARN_BOOL_CONVERSION = YES;
				CLANG_WARN_COMMA = YES;
				CLANG_WARN_CONSTANT_CONVERSION = YES;
				CLANG_WARN_DEPRECATED_OBJC_IMPLEMENTATIONS = YES;
				CLANG_WARN_DIRECT_OBJC_ISA_USAGE = YES_ERROR;
				CLANG_WARN_DOCUMENTATION_COMMENTS = YES;
				CLANG_WARN_EMPTY_BODY = YES;
				CLANG_WARN_ENUM_CONVERSION = YES;
				CLANG_WARN_INFINITE_RECURSION = YES;
				CLANG_WARN_INT_CONVERSION = YES;
				CLANG_WARN_NON_LITERAL_NULL_CONVERSION = YES;
				CLANG_WARN_OBJC_IMPLICIT_RETAIN_SELF = YES;
				CLANG_WARN_OBJC_LITERAL_CONVERSION = YES;
				CLANG_WARN_OBJC_ROOT_CLASS = YES_ERROR;
				CLANG_WARN_QUOTED_INCLUDE_IN_FRAMEWORK_HEADER = YES;
				CLANG_WARN_RANGE_LOOP_ANALYSIS = YES;
				CLANG_WARN_STRICT_PROTOTYPES = YES;
				CLANG_WARN_SUSPICIOUS_MOVE = YES;
				CLANG_WARN_UNGUARDED_AVAILABILITY = YES_AGGRESSIVE;
				CLANG_WARN_UNREACHABLE_CODE = YES;
				CLANG_WARN__DUPLICATE_METHOD_MATCH = YES;
				COPY_PHASE_STRIP = NO;
				DEBUG_INFORMATION_FORMAT = dwarf;
				ENABLE_STRICT_OBJC_MSGSEND = YES;
				ENABLE_TESTABILITY = YES;
				GCC_C_LANGUAGE_STANDARD = gnu11;
				GCC_DYNAMIC_NO_PIC = NO;
				GCC_NO_COMMON_BLOCKS = YES;
				GCC_OPTIMIZATION_LEVEL = 0;
				GCC_PREPROCESSOR_DEFINITIONS = (
					"DEBUG=1",
					"$(inherited)",
				);
				GCC_WARN_64_TO_32_BIT_CONVERSION = YES;
				GCC_WARN_ABOUT_RETURN_TYPE = YES_ERROR;
				GCC_WARN_UNDECLARED_SELECTOR = YES;
				GCC_WARN_UNINITIALIZED_AUTOS = YES_AGGRESSIVE;
				GCC_WARN_UNUSED_FUNCTION = YES;
				GCC_WARN_UNUSED_VARIABLE = YES;
				IPHONEOS_DEPLOYMENT_TARGET = 15.2;
				MTL_ENABLE_DEBUG_INFO = INCLUDE_SOURCE;
				MTL_FAST_MATH = YES;
				ONLY_ACTIVE_ARCH = YES;
				SDKROOT = iphoneos;
				SWIFT_ACTIVE_COMPILATION_CONDITIONS = DEBUG;
				SWIFT_OPTIMIZATION_LEVEL = "-Onone";
			};
			name = Debug;
		};
		DE943B73280859E300E4BA3B /* Release */ = {
			isa = XCBuildConfiguration;
			buildSettings = {
				ALWAYS_SEARCH_USER_PATHS = NO;
				CLANG_ANALYZER_NONNULL = YES;
				CLANG_ANALYZER_NUMBER_OBJECT_CONVERSION = YES_AGGRESSIVE;
				CLANG_CXX_LANGUAGE_STANDARD = "gnu++17";
				CLANG_CXX_LIBRARY = "libc++";
				CLANG_ENABLE_MODULES = YES;
				CLANG_ENABLE_OBJC_ARC = YES;
				CLANG_ENABLE_OBJC_WEAK = YES;
				CLANG_WARN_BLOCK_CAPTURE_AUTORELEASING = YES;
				CLANG_WARN_BOOL_CONVERSION = YES;
				CLANG_WARN_COMMA = YES;
				CLANG_WARN_CONSTANT_CONVERSION = YES;
				CLANG_WARN_DEPRECATED_OBJC_IMPLEMENTATIONS = YES;
				CLANG_WARN_DIRECT_OBJC_ISA_USAGE = YES_ERROR;
				CLANG_WARN_DOCUMENTATION_COMMENTS = YES;
				CLANG_WARN_EMPTY_BODY = YES;
				CLANG_WARN_ENUM_CONVERSION = YES;
				CLANG_WARN_INFINITE_RECURSION = YES;
				CLANG_WARN_INT_CONVERSION = YES;
				CLANG_WARN_NON_LITERAL_NULL_CONVERSION = YES;
				CLANG_WARN_OBJC_IMPLICIT_RETAIN_SELF = YES;
				CLANG_WARN_OBJC_LITERAL_CONVERSION = YES;
				CLANG_WARN_OBJC_ROOT_CLASS = YES_ERROR;
				CLANG_WARN_QUOTED_INCLUDE_IN_FRAMEWORK_HEADER = YES;
				CLANG_WARN_RANGE_LOOP_ANALYSIS = YES;
				CLANG_WARN_STRICT_PROTOTYPES = YES;
				CLANG_WARN_SUSPICIOUS_MOVE = YES;
				CLANG_WARN_UNGUARDED_AVAILABILITY = YES_AGGRESSIVE;
				CLANG_WARN_UNREACHABLE_CODE = YES;
				CLANG_WARN__DUPLICATE_METHOD_MATCH = YES;
				COPY_PHASE_STRIP = NO;
				DEBUG_INFORMATION_FORMAT = "dwarf-with-dsym";
				ENABLE_NS_ASSERTIONS = NO;
				ENABLE_STRICT_OBJC_MSGSEND = YES;
				GCC_C_LANGUAGE_STANDARD = gnu11;
				GCC_NO_COMMON_BLOCKS = YES;
				GCC_WARN_64_TO_32_BIT_CONVERSION = YES;
				GCC_WARN_ABOUT_RETURN_TYPE = YES_ERROR;
				GCC_WARN_UNDECLARED_SELECTOR = YES;
				GCC_WARN_UNINITIALIZED_AUTOS = YES_AGGRESSIVE;
				GCC_WARN_UNUSED_FUNCTION = YES;
				GCC_WARN_UNUSED_VARIABLE = YES;
				IPHONEOS_DEPLOYMENT_TARGET = 15.2;
				MTL_ENABLE_DEBUG_INFO = NO;
				MTL_FAST_MATH = YES;
				SDKROOT = iphoneos;
				SWIFT_COMPILATION_MODE = wholemodule;
				SWIFT_OPTIMIZATION_LEVEL = "-O";
				VALIDATE_PRODUCT = YES;
			};
			name = Release;
		};
		DE943B75280859E300E4BA3B /* Debug */ = {
			isa = XCBuildConfiguration;
			buildSettings = {
				ASSETCATALOG_COMPILER_APPICON_NAME = AppIcon;
				ASSETCATALOG_COMPILER_GLOBAL_ACCENT_COLOR_NAME = AccentColor;
				CODE_SIGN_STYLE = Automatic;
				CURRENT_PROJECT_VERSION = 1;
				DEVELOPMENT_TEAM = GJ78ZA6524;
				GENERATE_INFOPLIST_FILE = YES;
				INFOPLIST_FILE = first/Info.plist;
				INFOPLIST_KEY_UIApplicationSupportsIndirectInputEvents = YES;
				INFOPLIST_KEY_UILaunchStoryboardName = LaunchScreen;
				INFOPLIST_KEY_UIMainStoryboardFile = Main;
				INFOPLIST_KEY_UISupportedInterfaceOrientations_iPad = "UIInterfaceOrientationPortrait UIInterfaceOrientationPortraitUpsideDown UIInterfaceOrientationLandscapeLeft UIInterfaceOrientationLandscapeRight";
				INFOPLIST_KEY_UISupportedInterfaceOrientations_iPhone = "UIInterfaceOrientationPortrait UIInterfaceOrientationLandscapeLeft UIInterfaceOrientationLandscapeRight";
				LD_RUNPATH_SEARCH_PATHS = (
					"$(inherited)",
					"@executable_path/Frameworks",
				);
				MARKETING_VERSION = 1.0;
				PRODUCT_BUNDLE_IDENTIFIER = kabosuym3a.first;
				PRODUCT_NAME = "$(TARGET_NAME)";
				SWIFT_EMIT_LOC_STRINGS = YES;
				SWIFT_VERSION = 5.0;
				TARGETED_DEVICE_FAMILY = "1,2";
			};
			name = Debug;
		};
		DE943B76280859E300E4BA3B /* Release */ = {
			isa = XCBuildConfiguration;
			buildSettings = {
				ASSETCATALOG_COMPILER_APPICON_NAME = AppIcon;
				ASSETCATALOG_COMPILER_GLOBAL_ACCENT_COLOR_NAME = AccentColor;
				CODE_SIGN_STYLE = Automatic;
				CURRENT_PROJECT_VERSION = 1;
				DEVELOPMENT_TEAM = GJ78ZA6524;
				GENERATE_INFOPLIST_FILE = YES;
				INFOPLIST_FILE = first/Info.plist;
				INFOPLIST_KEY_UIApplicationSupportsIndirectInputEvents = YES;
				INFOPLIST_KEY_UILaunchStoryboardName = LaunchScreen;
				INFOPLIST_KEY_UIMainStoryboardFile = Main;
				INFOPLIST_KEY_UISupportedInterfaceOrientations_iPad = "UIInterfaceOrientationPortrait UIInterfaceOrientationPortraitUpsideDown UIInterfaceOrientationLandscapeLeft UIInterfaceOrientationLandscapeRight";
				INFOPLIST_KEY_UISupportedInterfaceOrientations_iPhone = "UIInterfaceOrientationPortrait UIInterfaceOrientationLandscapeLeft UIInterfaceOrientationLandscapeRight";
				LD_RUNPATH_SEARCH_PATHS = (
					"$(inherited)",
					"@executable_path/Frameworks",
				);
				MARKETING_VERSION = 1.0;
				PRODUCT_BUNDLE_IDENTIFIER = kabosuym3a.first;
				PRODUCT_NAME = "$(TARGET_NAME)";
				SWIFT_EMIT_LOC_STRINGS = YES;
				SWIFT_VERSION = 5.0;
				TARGETED_DEVICE_FAMILY = "1,2";
			};
			name = Release;
		};
		DE943B78280859E300E4BA3B /* Debug */ = {
			isa = XCBuildConfiguration;
			buildSettings = {
				ALWAYS_EMBED_SWIFT_STANDARD_LIBRARIES = YES;
				BUNDLE_LOADER = "$(TEST_HOST)";
				CODE_SIGN_STYLE = Automatic;
				CURRENT_PROJECT_VERSION = 1;
				DEVELOPMENT_TEAM = GJ78ZA6524;
				GENERATE_INFOPLIST_FILE = YES;
				IPHONEOS_DEPLOYMENT_TARGET = 15.2;
				MARKETING_VERSION = 1.0;
				PRODUCT_BUNDLE_IDENTIFIER = kabosuym3a.firstTests;
				PRODUCT_NAME = "$(TARGET_NAME)";
				SWIFT_EMIT_LOC_STRINGS = NO;
				SWIFT_VERSION = 5.0;
				TARGETED_DEVICE_FAMILY = "1,2";
				TEST_HOST = "$(BUILT_PRODUCTS_DIR)/first.app/first";
			};
			name = Debug;
		};
		DE943B79280859E300E4BA3B /* Release */ = {
			isa = XCBuildConfiguration;
			buildSettings = {
				ALWAYS_EMBED_SWIFT_STANDARD_LIBRARIES = YES;
				BUNDLE_LOADER = "$(TEST_HOST)";
				CODE_SIGN_STYLE = Automatic;
				CURRENT_PROJECT_VERSION = 1;
				DEVELOPMENT_TEAM = GJ78ZA6524;
				GENERATE_INFOPLIST_FILE = YES;
				IPHONEOS_DEPLOYMENT_TARGET = 15.2;
				MARKETING_VERSION = 1.0;
				PRODUCT_BUNDLE_IDENTIFIER = kabosuym3a.firstTests;
				PRODUCT_NAME = "$(TARGET_NAME)";
				SWIFT_EMIT_LOC_STRINGS = NO;
				SWIFT_VERSION = 5.0;
				TARGETED_DEVICE_FAMILY = "1,2";
				TEST_HOST = "$(BUILT_PRODUCTS_DIR)/first.app/first";
			};
			name = Release;
		};
		DE943B7B280859E300E4BA3B /* Debug */ = {
			isa = XCBuildConfiguration;
			buildSettings = {
				ALWAYS_EMBED_SWIFT_STANDARD_LIBRARIES = YES;
				CODE_SIGN_STYLE = Automatic;
				CURRENT_PROJECT_VERSION = 1;
				DEVELOPMENT_TEAM = GJ78ZA6524;
				GENERATE_INFOPLIST_FILE = YES;
				MARKETING_VERSION = 1.0;
				PRODUCT_BUNDLE_IDENTIFIER = kabosuym3a.firstUITests;
				PRODUCT_NAME = "$(TARGET_NAME)";
				SWIFT_EMIT_LOC_STRINGS = NO;
				SWIFT_VERSION = 5.0;
				TARGETED_DEVICE_FAMILY = "1,2";
				TEST_TARGET_NAME = first;
			};
			name = Debug;
		};
		DE943B7C280859E300E4BA3B /* Release */ = {
			isa = XCBuildConfiguration;
			buildSettings = {
				ALWAYS_EMBED_SWIFT_STANDARD_LIBRARIES = YES;
				CODE_SIGN_STYLE = Automatic;
				CURRENT_PROJECT_VERSION = 1;
				DEVELOPMENT_TEAM = GJ78ZA6524;
				GENERATE_INFOPLIST_FILE = YES;
				MARKETING_VERSION = 1.0;
				PRODUCT_BUNDLE_IDENTIFIER = kabosuym3a.firstUITests;
				PRODUCT_NAME = "$(TARGET_NAME)";
				SWIFT_EMIT_LOC_STRINGS = NO;
				SWIFT_VERSION = 5.0;
				TARGETED_DEVICE_FAMILY = "1,2";
				TEST_TARGET_NAME = first;
			};
			name = Release;
		};
/* End XCBuildConfiguration section */

/* Begin XCConfigurationList section */
		DE943B45280859E100E4BA3B /* Build configuration list for PBXProject "first" */ = {
			isa = XCConfigurationList;
			buildConfigurations = (
				DE943B72280859E300E4BA3B /* Debug */,
				DE943B73280859E300E4BA3B /* Release */,
			);
			defaultConfigurationIsVisible = 0;
			defaultConfigurationName = Release;
		};
		DE943B74280859E300E4BA3B /* Build configuration list for PBXNativeTarget "first" */ = {
			isa = XCConfigurationList;
			buildConfigurations = (
				DE943B75280859E300E4BA3B /* Debug */,
				DE943B76280859E300E4BA3B /* Release */,
			);
			defaultConfigurationIsVisible = 0;
			defaultConfigurationName = Release;
		};
		DE943B77280859E300E4BA3B /* Build configuration list for PBXNativeTarget "firstTests" */ = {
			isa = XCConfigurationList;
			buildConfigurations = (
				DE943B78280859E300E4BA3B /* Debug */,
				DE943B79280859E300E4BA3B /* Release */,
			);
			defaultConfigurationIsVisible = 0;
			defaultConfigurationName = Release;
		};
		DE943B7A280859E300E4BA3B /* Build configuration list for PBXNativeTarget "firstUITests" */ = {
			isa = XCConfigurationList;
			buildConfigurations = (
				DE943B7B280859E300E4BA3B /* Debug */,
				DE943B7C280859E300E4BA3B /* Release */,
			);
			defaultConfigurationIsVisible = 0;
			defaultConfigurationName = Release;
		};
/* End XCConfigurationList section */
	};
	rootObject = DE943B42280859E100E4BA3B /* Project object */;
}
